
Microsoft Visual Studio Solution File, Format Version 12.00
# Visual Studio Version 17
VisualStudioVersion = 17.4.33213.308
MinimumVisualStudioVersion = 10.0.40219.1
Project("{8BC9CEB8-8B4A-11D0-8D11-00A0C91BC942}") = "8-1", "8-1\8-1.vcxproj", "{A20E72AC-217C-4A53-ADE5-8D37C9E92AD4}"
EndProject
Project("{8BC9CEB8-8B4A-11D0-8D11-00A0C91BC942}") = "8-1-2", "8-1-2\8-1-2.vcxproj", "{01995E10-CCFA-4ADA-A5FA-C27B73B71945}"
EndProject
Project("{8BC9CEB8-8B4A-11D0-8D11-00A0C91BC942}") = "8-2", "8-2\8-2.vcxproj", "{3D50BEBB-B8A9-4E4E-9243-C2B9881A083F}"
EndProject
Project("{8BC9CEB8-8B4A-11D0-8D11-00A0C91BC942}") = "398.page", "398.page\398.page.vcxproj", "{A8CA32F9-8459-404E-BE45-55C0DD6CBD64}"
EndProject
Project("{8BC9CEB8-8B4A-11D0-8D11-00A0C91BC942}") = "393.page", "393.page\393.page.vcxproj", "{D96536C0-998D-4484-AF51-8E216515A172}"
EndProject
Project("{8BC9CEB8-8B4A-11D0-8D11-00A0C91BC942}") = "394.page", "394.page\394.page.vcxproj", "{7E57C45E-066D-4875-B645-CFEC45A50D8A}"
EndProject
Project("{8BC9CEB8-8B4A-11D0-8D11-00A0C91BC942}") = "8-3", "8-3\8-3.vcxproj", "{173956B0-5B28-4EBD-97E8-6140C4972ABE}"
EndProject
Project("{8BC9CEB8-8B4A-11D0-8D11-00A0C91BC942}") = "8-4", "8-4\8-4.vcxproj", "{2DADD075-5843-49A2-A0F8-6F9CBF7B09DF}"
EndProject
Project("{8BC9CEB8-8B4A-11D0-8D11-00A0C91BC942}") = "8-5", "8-5\8-5.vcxproj", "{3B83F044-FBD3-4F8F-9F3E-DFF28919121D}"
EndProject
Project("{8BC9CEB8-8B4A-11D0-8D11-00A0C91BC942}") = "8-6", "8-6\8-6.vcxproj", "{63F8469F-B6B5-431C-AFDC-4C23E258899A}"
EndProject
Project("{8BC9CEB8-8B4A-11D0-8D11-00A0C91BC942}") = "8-7", "8-7\8-7.vcxproj", "{968555D8-3E56-43D7-B166-FBFA8F0D9726}"
EndProject
Project("{8BC9CEB8-8B4A-11D0-8D11-00A0C91BC942}") = "390.page", "390.page\390.page.vcxproj", "{40A3DAA8-1843-4872-8375-04209A1874C2}"
EndProject
Global
	GlobalSection(SolutionConfigurationPlatforms) = preSolution
		Debug|x64 = Debug|x64
		Debug|x86 = Debug|x86
		Release|x64 = Release|x64
		Release|x86 = Release|x86
	EndGlobalSection
	GlobalSection(ProjectConfigurationPlatforms) = postSolution
		{A20E72AC-217C-4A53-ADE5-8D37C9E92AD4}.Debug|x64.ActiveCfg = Debug|x64
		{A20E72AC-217C-4A53-ADE5-8D37C9E92AD4}.Debug|x64.Build.0 = Debug|x64
		{A20E72AC-217C-4A53-ADE5-8D37C9E92AD4}.Debug|x86.ActiveCfg = Debug|Win32
		{A20E72AC-217C-4A53-ADE5-8D37C9E92AD4}.Debug|x86.Build.0 = Debug|Win32
		{A20E72AC-217C-4A53-ADE5-8D37C9E92AD4}.Release|x64.ActiveCfg = Release|x64
		{A20E72AC-217C-4A53-ADE5-8D37C9E92AD4}.Release|x64.Build.0 = Release|x64
		{A20E72AC-217C-4A53-ADE5-8D37C9E92AD4}.Release|x86.ActiveCfg = Release|Win32
		{A20E72AC-217C-4A53-ADE5-8D37C9E92AD4}.Release|x86.Build.0 = Release|Win32
		{01995E10-CCFA-4ADA-A5FA-C27B73B71945}.Debug|x64.ActiveCfg = Debug|x64
		{01995E10-CCFA-4ADA-A5FA-C27B73B71945}.Debug|x64.Build.0 = Debug|x64
		{01995E10-CCFA-4ADA-A5FA-C27B73B71945}.Debug|x86.ActiveCfg = Debug|Win32
		{01995E10-CCFA-4ADA-A5FA-C27B73B71945}.Debug|x86.Build.0 = Debug|Win32
		{01995E10-CCFA-4ADA-A5FA-C27B73B71945}.Release|x64.ActiveCfg = Release|x64
		{01995E10-CCFA-4ADA-A5FA-C27B73B71945}.Release|x64.Build.0 = Release|x64
		{01995E10-CCFA-4ADA-A5FA-C27B73B71945}.Release|x86.ActiveCfg = Release|Win32
		{01995E10-CCFA-4ADA-A5FA-C27B73B71945}.Release|x86.Build.0 = Release|Win32
		{3D50BEBB-B8A9-4E4E-9243-C2B9881A083F}.Debug|x64.ActiveCfg = Debug|x64
		{3D50BEBB-B8A9-4E4E-9243-C2B9881A083F}.Debug|x64.Build.0 = Debug|x64
		{3D50BEBB-B8A9-4E4E-9243-C2B9881A083F}.Debug|x86.ActiveCfg = Debug|Win32
		{3D50BEBB-B8A9-4E4E-9243-C2B9881A083F}.Debug|x86.Build.0 = Debug|Win32
		{3D50BEBB-B8A9-4E4E-9243-C2B9881A083F}.Release|x64.ActiveCfg = Release|x64
		{3D50BEBB-B8A9-4E4E-9243-C2B9881A083F}.Release|x64.Build.0 = Release|x64
		{3D50BEBB-B8A9-4E4E-9243-C2B9881A083F}.Release|x86.ActiveCfg = Release|Win32
		{3D50BEBB-B8A9-4E4E-9243-C2B9881A083F}.Release|x86.Build.0 = Release|Win32
		{A8CA32F9-8459-404E-BE45-55C0DD6CBD64}.Debug|x64.ActiveCfg = Debug|x64
		{A8CA32F9-8459-404E-BE45-55C0DD6CBD64}.Debug|x64.Build.0 = Debug|x64
		{A8CA32F9-8459-404E-BE45-55C0DD6CBD64}.Debug|x86.ActiveCfg = Debug|Win32
		{A8CA32F9-8459-404E-BE45-55C0DD6CBD64}.Debug|x86.Build.0 = Debug|Win32
		{A8CA32F9-8459-404E-BE45-55C0DD6CBD64}.Release|x64.ActiveCfg = Release|x64
		{A8CA32F9-8459-404E-BE45-55C0DD6CBD64}.Release|x64.Build.0 = Release|x64
		{A8CA32F9-8459-404E-BE45-55C0DD6CBD64}.Release|x86.ActiveCfg = Release|Win32
		{A8CA32F9-8459-404E-BE45-55C0DD6CBD64}.Release|x86.Build.0 = Release|Win32
		{D96536C0-998D-4484-AF51-8E216515A172}.Debug|x64.ActiveCfg = Debug|x64
		{D96536C0-998D-4484-AF51-8E216515A172}.Debug|x64.Build.0 = Debug|x64
		{D96536C0-998D-4484-AF51-8E216515A172}.Debug|x86.ActiveCfg = Debug|Win32
		{D96536C0-998D-4484-AF51-8E216515A172}.Debug|x86.Build.0 = Debug|Win32
		{D96536C0-998D-4484-AF51-8E216515A172}.Release|x64.ActiveCfg = Release|x64
		{D96536C0-998D-4484-AF51-8E216515A172}.Release|x64.Build.0 = Release|x64
		{D96536C0-998D-4484-AF51-8E216515A172}.Release|x86.ActiveCfg = Release|Win32
		{D96536C0-998D-4484-AF51-8E216515A172}.Release|x86.Build.0 = Release|Win32
		{7E57C45E-066D-4875-B645-CFEC45A50D8A}.Debug|x64.ActiveCfg = Debug|x64
		{7E57C45E-066D-4875-B645-CFEC45A50D8A}.Debug|x64.Build.0 = Debug|x64
		{7E57C45E-066D-4875-B645-CFEC45A50D8A}.Debug|x86.ActiveCfg = Debug|Win32
		{7E57C45E-066D-4875-B645-CFEC45A50D8A}.Debug|x86.Build.0 = Debug|Win32
		{7E57C45E-066D-4875-B645-CFEC45A50D8A}.Release|x64.ActiveCfg = Release|x64
		{7E57C45E-066D-4875-B645-CFEC45A50D8A}.Release|x64.Build.0 = Release|x64
		{7E57C45E-066D-4875-B645-CFEC45A50D8A}.Release|x86.ActiveCfg = Release|Win32
		{7E57C45E-066D-4875-B645-CFEC45A50D8A}.Release|x86.Build.0 = Release|Win32
		{173956B0-5B28-4EBD-97E8-6140C4972ABE}.Debug|x64.ActiveCfg = Debug|x64
		{173956B0-5B28-4EBD-97E8-6140C4972ABE}.Debug|x64.Build.0 = Debug|x64
		{173956B0-5B28-4EBD-97E8-6140C4972ABE}.Debug|x86.ActiveCfg = Debug|Win32
		{173956B0-5B28-4EBD-97E8-6140C4972ABE}.Debug|x86.Build.0 = Debug|Win32
		{173956B0-5B28-4EBD-97E8-6140C4972ABE}.Release|x64.ActiveCfg = Release|x64
		{173956B0-5B28-4EBD-97E8-6140C4972ABE}.Release|x64.Build.0 = Release|x64
		{173956B0-5B28-4EBD-97E8-6140C4972ABE}.Release|x86.ActiveCfg = Release|Win32
		{173956B0-5B28-4EBD-97E8-6140C4972ABE}.Release|x86.Build.0 = Release|Win32
		{2DADD075-5843-49A2-A0F8-6F9CBF7B09DF}.Debug|x64.ActiveCfg = Debug|x64
		{2DADD075-5843-49A2-A0F8-6F9CBF7B09DF}.Debug|x64.Build.0 = Debug|x64
		{2DADD075-5843-49A2-A0F8-6F9CBF7B09DF}.Debug|x86.ActiveCfg = Debug|Win32
		{2DADD075-5843-49A2-A0F8-6F9CBF7B09DF}.Debug|x86.Build.0 = Debug|Win32
		{2DADD075-5843-49A2-A0F8-6F9CBF7B09DF}.Release|x64.ActiveCfg = Release|x64
		{2DADD075-5843-49A2-A0F8-6F9CBF7B09DF}.Release|x64.Build.0 = Release|x64
		{2DADD075-5843-49A2-A0F8-6F9CBF7B09DF}.Release|x86.ActiveCfg = Release|Win32
		{2DADD075-5843-49A2-A0F8-6F9CBF7B09DF}.Release|x86.Build.0 = Release|Win32
		{3B83F044-FBD3-4F8F-9F3E-DFF28919121D}.Debug|x64.ActiveCfg = Debug|x64
		{3B83F044-FBD3-4F8F-9F3E-DFF28919121D}.Debug|x64.Build.0 = Debug|x64
		{3B83F044-FBD3-4F8F-9F3E-DFF28919121D}.Debug|x86.ActiveCfg = Debug|Win32
		{3B83F044-FBD3-4F8F-9F3E-DFF28919121D}.Debug|x86.Build.0 = Debug|Win32
		{3B83F044-FBD3-4F8F-9F3E-DFF28919121D}.Release|x64.ActiveCfg = Release|x64
		{3B83F044-FBD3-4F8F-9F3E-DFF28919121D}.Release|x64.Build.0 = Release|x64
		{3B83F044-FBD3-4F8F-9F3E-DFF28919121D}.Release|x86.ActiveCfg = Release|Win32
		{3B83F044-FBD3-4F8F-9F3E-DFF28919121D}.Release|x86.Build.0 = Release|Win32
		{63F8469F-B6B5-431C-AFDC-4C23E258899A}.Debug|x64.ActiveCfg = Debug|x64
		{63F8469F-B6B5-431C-AFDC-4C23E258899A}.Debug|x64.Build.0 = Debug|x64
		{63F8469F-B6B5-431C-AFDC-4C23E258899A}.Debug|x86.ActiveCfg = Debug|Win32
		{63F8469F-B6B5-431C-AFDC-4C23E258899A}.Debug|x86.Build.0 = Debug|Win32
		{63F8469F-B6B5-431C-AFDC-4C23E258899A}.Release|x64.ActiveCfg = Release|x64
		{63F8469F-B6B5-431C-AFDC-4C23E258899A}.Release|x64.Build.0 = Release|x64
		{63F8469F-B6B5-431C-AFDC-4C23E258899A}.Release|x86.ActiveCfg = Release|Win32
		{63F8469F-B6B5-431C-AFDC-4C23E258899A}.Release|x86.Build.0 = Release|Win32
		{968555D8-3E56-43D7-B166-FBFA8F0D9726}.Debug|x64.ActiveCfg = Debug|x64
		{968555D8-3E56-43D7-B166-FBFA8F0D9726}.Debug|x64.Build.0 = Debug|x64
		{968555D8-3E56-43D7-B166-FBFA8F0D9726}.Debug|x86.ActiveCfg = Debug|Win32
		{968555D8-3E56-43D7-B166-FBFA8F0D9726}.Debug|x86.Build.0 = Debug|Win32
		{968555D8-3E56-43D7-B166-FBFA8F0D9726}.Release|x64.ActiveCfg = Release|x64
		{968555D8-3E56-43D7-B166-FBFA8F0D9726}.Release|x64.Build.0 = Release|x64
		{968555D8-3E56-43D7-B166-FBFA8F0D9726}.Release|x86.ActiveCfg = Release|Win32
		{968555D8-3E56-43D7-B166-FBFA8F0D9726}.Release|x86.Build.0 = Release|Win32
		{40A3DAA8-1843-4872-8375-04209A1874C2}.Debug|x64.ActiveCfg = Debug|x64
		{40A3DAA8-1843-4872-8375-04209A1874C2}.Debug|x64.Build.0 = Debug|x64
		{40A3DAA8-1843-4872-8375-04209A1874C2}.Debug|x86.ActiveCfg = Debug|Win32
		{40A3DAA8-1843-4872-8375-04209A1874C2}.Debug|x86.Build.0 = Debug|Win32
		{40A3DAA8-1843-4872-8375-04209A1874C2}.Release|x64.ActiveCfg = Release|x64
		{40A3DAA8-1843-4872-8375-04209A1874C2}.Release|x64.Build.0 = Release|x64
		{40A3DAA8-1843-4872-8375-04209A1874C2}.Release|x86.ActiveCfg = Release|Win32
		{40A3DAA8-1843-4872-8375-04209A1874C2}.Release|x86.Build.0 = Release|Win32
	EndGlobalSection
	GlobalSection(SolutionProperties) = preSolution
		HideSolutionNode = FALSE
	EndGlobalSection
	GlobalSection(ExtensibilityGlobals) = postSolution
		SolutionGuid = {4D95346A-65FA-4A64-966B-500062BECFC4}
	EndGlobalSection
EndGlobal
