
Microsoft Visual Studio Solution File, Format Version 12.00
# Visual Studio Version 17
VisualStudioVersion = 17.5.33516.290
MinimumVisualStudioVersion = 10.0.40219.1
Project("{8BC9CEB8-8B4A-11D0-8D11-00A0C91BC942}") = "Chapter04", "Chapter04\Chapter04.vcxproj", "{3DB1B87F-F1B2-4940-A2AD-FD418FB8D598}"
EndProject
Project("{8BC9CEB8-8B4A-11D0-8D11-00A0C91BC942}") = "4-2", "4-2\4-2.vcxproj", "{C199628A-5238-4CB2-8B16-391DDAA25F07}"
EndProject
Project("{8BC9CEB8-8B4A-11D0-8D11-00A0C91BC942}") = "4-3", "4-3\4-3.vcxproj", "{B472DA7B-F5C8-4CC8-A641-570DB75C4AA1}"
EndProject
Project("{8BC9CEB8-8B4A-11D0-8D11-00A0C91BC942}") = "4-4", "4-4\4-4.vcxproj", "{4A8DE81D-6B1B-4882-87D5-917829FE2230}"
EndProject
Project("{8BC9CEB8-8B4A-11D0-8D11-00A0C91BC942}") = "4-6", "4-6\4-6.vcxproj", "{177839C4-16D1-45D0-A4CA-3F1EE54FF74F}"
EndProject
Project("{8BC9CEB8-8B4A-11D0-8D11-00A0C91BC942}") = "4-5", "4-5\4-5.vcxproj", "{89D6FA95-20A6-4E69-A328-E1B3B617D4EF}"
EndProject
Project("{8BC9CEB8-8B4A-11D0-8D11-00A0C91BC942}") = "4-7", "4-7\4-7.vcxproj", "{91F73609-6DF3-4F02-9D69-92A05CA1E148}"
EndProject
Project("{8BC9CEB8-8B4A-11D0-8D11-00A0C91BC942}") = "4-9", "4-9\4-9.vcxproj", "{5E18C33F-738F-475F-8844-68092DC6EA2D}"
EndProject
Project("{8BC9CEB8-8B4A-11D0-8D11-00A0C91BC942}") = "4-10", "4-10\4-10.vcxproj", "{EC722A2E-FB5E-4E12-979F-7BD84EB40D21}"
EndProject
Project("{8BC9CEB8-8B4A-11D0-8D11-00A0C91BC942}") = "4-11", "4-11\4-11.vcxproj", "{60B736EF-BA59-4647-8C37-257681B0CCA0}"
EndProject
Project("{8BC9CEB8-8B4A-11D0-8D11-00A0C91BC942}") = "4-12", "4-12\4-12.vcxproj", "{50205CD5-2743-4A02-AADA-D3A917162B04}"
EndProject
Project("{8BC9CEB8-8B4A-11D0-8D11-00A0C91BC942}") = "4-13", "4-13\4-13.vcxproj", "{04BE4AFC-8248-48CE-AA4E-AB45315C7B95}"
EndProject
Project("{8BC9CEB8-8B4A-11D0-8D11-00A0C91BC942}") = "4-14", "4-14\4-14.vcxproj", "{2D77CE0E-1644-45DD-8C8C-D6F18FB49814}"
EndProject
Project("{8BC9CEB8-8B4A-11D0-8D11-00A0C91BC942}") = "4-15", "4-15\4-15.vcxproj", "{C5C60239-D58E-41AA-B69B-21FC3310196C}"
EndProject
Global
	GlobalSection(SolutionConfigurationPlatforms) = preSolution
		Debug|x64 = Debug|x64
		Debug|x86 = Debug|x86
		Release|x64 = Release|x64
		Release|x86 = Release|x86
	EndGlobalSection
	GlobalSection(ProjectConfigurationPlatforms) = postSolution
		{3DB1B87F-F1B2-4940-A2AD-FD418FB8D598}.Debug|x64.ActiveCfg = Debug|x64
		{3DB1B87F-F1B2-4940-A2AD-FD418FB8D598}.Debug|x64.Build.0 = Debug|x64
		{3DB1B87F-F1B2-4940-A2AD-FD418FB8D598}.Debug|x86.ActiveCfg = Debug|Win32
		{3DB1B87F-F1B2-4940-A2AD-FD418FB8D598}.Debug|x86.Build.0 = Debug|Win32
		{3DB1B87F-F1B2-4940-A2AD-FD418FB8D598}.Release|x64.ActiveCfg = Release|x64
		{3DB1B87F-F1B2-4940-A2AD-FD418FB8D598}.Release|x64.Build.0 = Release|x64
		{3DB1B87F-F1B2-4940-A2AD-FD418FB8D598}.Release|x86.ActiveCfg = Release|Win32
		{3DB1B87F-F1B2-4940-A2AD-FD418FB8D598}.Release|x86.Build.0 = Release|Win32
		{C199628A-5238-4CB2-8B16-391DDAA25F07}.Debug|x64.ActiveCfg = Debug|x64
		{C199628A-5238-4CB2-8B16-391DDAA25F07}.Debug|x64.Build.0 = Debug|x64
		{C199628A-5238-4CB2-8B16-391DDAA25F07}.Debug|x86.ActiveCfg = Debug|Win32
		{C199628A-5238-4CB2-8B16-391DDAA25F07}.Debug|x86.Build.0 = Debug|Win32
		{C199628A-5238-4CB2-8B16-391DDAA25F07}.Release|x64.ActiveCfg = Release|x64
		{C199628A-5238-4CB2-8B16-391DDAA25F07}.Release|x64.Build.0 = Release|x64
		{C199628A-5238-4CB2-8B16-391DDAA25F07}.Release|x86.ActiveCfg = Release|Win32
		{C199628A-5238-4CB2-8B16-391DDAA25F07}.Release|x86.Build.0 = Release|Win32
		{B472DA7B-F5C8-4CC8-A641-570DB75C4AA1}.Debug|x64.ActiveCfg = Debug|x64
		{B472DA7B-F5C8-4CC8-A641-570DB75C4AA1}.Debug|x64.Build.0 = Debug|x64
		{B472DA7B-F5C8-4CC8-A641-570DB75C4AA1}.Debug|x86.ActiveCfg = Debug|Win32
		{B472DA7B-F5C8-4CC8-A641-570DB75C4AA1}.Debug|x86.Build.0 = Debug|Win32
		{B472DA7B-F5C8-4CC8-A641-570DB75C4AA1}.Release|x64.ActiveCfg = Release|x64
		{B472DA7B-F5C8-4CC8-A641-570DB75C4AA1}.Release|x64.Build.0 = Release|x64
		{B472DA7B-F5C8-4CC8-A641-570DB75C4AA1}.Release|x86.ActiveCfg = Release|Win32
		{B472DA7B-F5C8-4CC8-A641-570DB75C4AA1}.Release|x86.Build.0 = Release|Win32
		{4A8DE81D-6B1B-4882-87D5-917829FE2230}.Debug|x64.ActiveCfg = Debug|x64
		{4A8DE81D-6B1B-4882-87D5-917829FE2230}.Debug|x64.Build.0 = Debug|x64
		{4A8DE81D-6B1B-4882-87D5-917829FE2230}.Debug|x86.ActiveCfg = Debug|Win32
		{4A8DE81D-6B1B-4882-87D5-917829FE2230}.Debug|x86.Build.0 = Debug|Win32
		{4A8DE81D-6B1B-4882-87D5-917829FE2230}.Release|x64.ActiveCfg = Release|x64
		{4A8DE81D-6B1B-4882-87D5-917829FE2230}.Release|x64.Build.0 = Release|x64
		{4A8DE81D-6B1B-4882-87D5-917829FE2230}.Release|x86.ActiveCfg = Release|Win32
		{4A8DE81D-6B1B-4882-87D5-917829FE2230}.Release|x86.Build.0 = Release|Win32
		{177839C4-16D1-45D0-A4CA-3F1EE54FF74F}.Debug|x64.ActiveCfg = Debug|x64
		{177839C4-16D1-45D0-A4CA-3F1EE54FF74F}.Debug|x64.Build.0 = Debug|x64
		{177839C4-16D1-45D0-A4CA-3F1EE54FF74F}.Debug|x86.ActiveCfg = Debug|Win32
		{177839C4-16D1-45D0-A4CA-3F1EE54FF74F}.Debug|x86.Build.0 = Debug|Win32
		{177839C4-16D1-45D0-A4CA-3F1EE54FF74F}.Release|x64.ActiveCfg = Release|x64
		{177839C4-16D1-45D0-A4CA-3F1EE54FF74F}.Release|x64.Build.0 = Release|x64
		{177839C4-16D1-45D0-A4CA-3F1EE54FF74F}.Release|x86.ActiveCfg = Release|Win32
		{177839C4-16D1-45D0-A4CA-3F1EE54FF74F}.Release|x86.Build.0 = Release|Win32
		{89D6FA95-20A6-4E69-A328-E1B3B617D4EF}.Debug|x64.ActiveCfg = Debug|x64
		{89D6FA95-20A6-4E69-A328-E1B3B617D4EF}.Debug|x64.Build.0 = Debug|x64
		{89D6FA95-20A6-4E69-A328-E1B3B617D4EF}.Debug|x86.ActiveCfg = Debug|Win32
		{89D6FA95-20A6-4E69-A328-E1B3B617D4EF}.Debug|x86.Build.0 = Debug|Win32
		{89D6FA95-20A6-4E69-A328-E1B3B617D4EF}.Release|x64.ActiveCfg = Release|x64
		{89D6FA95-20A6-4E69-A328-E1B3B617D4EF}.Release|x64.Build.0 = Release|x64
		{89D6FA95-20A6-4E69-A328-E1B3B617D4EF}.Release|x86.ActiveCfg = Release|Win32
		{89D6FA95-20A6-4E69-A328-E1B3B617D4EF}.Release|x86.Build.0 = Release|Win32
		{91F73609-6DF3-4F02-9D69-92A05CA1E148}.Debug|x64.ActiveCfg = Debug|x64
		{91F73609-6DF3-4F02-9D69-92A05CA1E148}.Debug|x64.Build.0 = Debug|x64
		{91F73609-6DF3-4F02-9D69-92A05CA1E148}.Debug|x86.ActiveCfg = Debug|Win32
		{91F73609-6DF3-4F02-9D69-92A05CA1E148}.Debug|x86.Build.0 = Debug|Win32
		{91F73609-6DF3-4F02-9D69-92A05CA1E148}.Release|x64.ActiveCfg = Release|x64
		{91F73609-6DF3-4F02-9D69-92A05CA1E148}.Release|x64.Build.0 = Release|x64
		{91F73609-6DF3-4F02-9D69-92A05CA1E148}.Release|x86.ActiveCfg = Release|Win32
		{91F73609-6DF3-4F02-9D69-92A05CA1E148}.Release|x86.Build.0 = Release|Win32
		{5E18C33F-738F-475F-8844-68092DC6EA2D}.Debug|x64.ActiveCfg = Debug|x64
		{5E18C33F-738F-475F-8844-68092DC6EA2D}.Debug|x64.Build.0 = Debug|x64
		{5E18C33F-738F-475F-8844-68092DC6EA2D}.Debug|x86.ActiveCfg = Debug|Win32
		{5E18C33F-738F-475F-8844-68092DC6EA2D}.Debug|x86.Build.0 = Debug|Win32
		{5E18C33F-738F-475F-8844-68092DC6EA2D}.Release|x64.ActiveCfg = Release|x64
		{5E18C33F-738F-475F-8844-68092DC6EA2D}.Release|x64.Build.0 = Release|x64
		{5E18C33F-738F-475F-8844-68092DC6EA2D}.Release|x86.ActiveCfg = Release|Win32
		{5E18C33F-738F-475F-8844-68092DC6EA2D}.Release|x86.Build.0 = Release|Win32
		{EC722A2E-FB5E-4E12-979F-7BD84EB40D21}.Debug|x64.ActiveCfg = Debug|x64
		{EC722A2E-FB5E-4E12-979F-7BD84EB40D21}.Debug|x64.Build.0 = Debug|x64
		{EC722A2E-FB5E-4E12-979F-7BD84EB40D21}.Debug|x86.ActiveCfg = Debug|Win32
		{EC722A2E-FB5E-4E12-979F-7BD84EB40D21}.Debug|x86.Build.0 = Debug|Win32
		{EC722A2E-FB5E-4E12-979F-7BD84EB40D21}.Release|x64.ActiveCfg = Release|x64
		{EC722A2E-FB5E-4E12-979F-7BD84EB40D21}.Release|x64.Build.0 = Release|x64
		{EC722A2E-FB5E-4E12-979F-7BD84EB40D21}.Release|x86.ActiveCfg = Release|Win32
		{EC722A2E-FB5E-4E12-979F-7BD84EB40D21}.Release|x86.Build.0 = Release|Win32
		{60B736EF-BA59-4647-8C37-257681B0CCA0}.Debug|x64.ActiveCfg = Debug|x64
		{60B736EF-BA59-4647-8C37-257681B0CCA0}.Debug|x64.Build.0 = Debug|x64
		{60B736EF-BA59-4647-8C37-257681B0CCA0}.Debug|x86.ActiveCfg = Debug|Win32
		{60B736EF-BA59-4647-8C37-257681B0CCA0}.Debug|x86.Build.0 = Debug|Win32
		{60B736EF-BA59-4647-8C37-257681B0CCA0}.Release|x64.ActiveCfg = Release|x64
		{60B736EF-BA59-4647-8C37-257681B0CCA0}.Release|x64.Build.0 = Release|x64
		{60B736EF-BA59-4647-8C37-257681B0CCA0}.Release|x86.ActiveCfg = Release|Win32
		{60B736EF-BA59-4647-8C37-257681B0CCA0}.Release|x86.Build.0 = Release|Win32
		{50205CD5-2743-4A02-AADA-D3A917162B04}.Debug|x64.ActiveCfg = Debug|x64
		{50205CD5-2743-4A02-AADA-D3A917162B04}.Debug|x64.Build.0 = Debug|x64
		{50205CD5-2743-4A02-AADA-D3A917162B04}.Debug|x86.ActiveCfg = Debug|Win32
		{50205CD5-2743-4A02-AADA-D3A917162B04}.Debug|x86.Build.0 = Debug|Win32
		{50205CD5-2743-4A02-AADA-D3A917162B04}.Release|x64.ActiveCfg = Release|x64
		{50205CD5-2743-4A02-AADA-D3A917162B04}.Release|x64.Build.0 = Release|x64
		{50205CD5-2743-4A02-AADA-D3A917162B04}.Release|x86.ActiveCfg = Release|Win32
		{50205CD5-2743-4A02-AADA-D3A917162B04}.Release|x86.Build.0 = Release|Win32
		{04BE4AFC-8248-48CE-AA4E-AB45315C7B95}.Debug|x64.ActiveCfg = Debug|x64
		{04BE4AFC-8248-48CE-AA4E-AB45315C7B95}.Debug|x64.Build.0 = Debug|x64
		{04BE4AFC-8248-48CE-AA4E-AB45315C7B95}.Debug|x86.ActiveCfg = Debug|Win32
		{04BE4AFC-8248-48CE-AA4E-AB45315C7B95}.Debug|x86.Build.0 = Debug|Win32
		{04BE4AFC-8248-48CE-AA4E-AB45315C7B95}.Release|x64.ActiveCfg = Release|x64
		{04BE4AFC-8248-48CE-AA4E-AB45315C7B95}.Release|x64.Build.0 = Release|x64
		{04BE4AFC-8248-48CE-AA4E-AB45315C7B95}.Release|x86.ActiveCfg = Release|Win32
		{04BE4AFC-8248-48CE-AA4E-AB45315C7B95}.Release|x86.Build.0 = Release|Win32
		{2D77CE0E-1644-45DD-8C8C-D6F18FB49814}.Debug|x64.ActiveCfg = Debug|x64
		{2D77CE0E-1644-45DD-8C8C-D6F18FB49814}.Debug|x64.Build.0 = Debug|x64
		{2D77CE0E-1644-45DD-8C8C-D6F18FB49814}.Debug|x86.ActiveCfg = Debug|Win32
		{2D77CE0E-1644-45DD-8C8C-D6F18FB49814}.Debug|x86.Build.0 = Debug|Win32
		{2D77CE0E-1644-45DD-8C8C-D6F18FB49814}.Release|x64.ActiveCfg = Release|x64
		{2D77CE0E-1644-45DD-8C8C-D6F18FB49814}.Release|x64.Build.0 = Release|x64
		{2D77CE0E-1644-45DD-8C8C-D6F18FB49814}.Release|x86.ActiveCfg = Release|Win32
		{2D77CE0E-1644-45DD-8C8C-D6F18FB49814}.Release|x86.Build.0 = Release|Win32
		{C5C60239-D58E-41AA-B69B-21FC3310196C}.Debug|x64.ActiveCfg = Debug|x64
		{C5C60239-D58E-41AA-B69B-21FC3310196C}.Debug|x64.Build.0 = Debug|x64
		{C5C60239-D58E-41AA-B69B-21FC3310196C}.Debug|x86.ActiveCfg = Debug|Win32
		{C5C60239-D58E-41AA-B69B-21FC3310196C}.Debug|x86.Build.0 = Debug|Win32
		{C5C60239-D58E-41AA-B69B-21FC3310196C}.Release|x64.ActiveCfg = Release|x64
		{C5C60239-D58E-41AA-B69B-21FC3310196C}.Release|x64.Build.0 = Release|x64
		{C5C60239-D58E-41AA-B69B-21FC3310196C}.Release|x86.ActiveCfg = Release|Win32
		{C5C60239-D58E-41AA-B69B-21FC3310196C}.Release|x86.Build.0 = Release|Win32
	EndGlobalSection
	GlobalSection(SolutionProperties) = preSolution
		HideSolutionNode = FALSE
	EndGlobalSection
	GlobalSection(ExtensibilityGlobals) = postSolution
		SolutionGuid = {C16F19A8-0972-4F0E-A266-34FA8F47C84D}
	EndGlobalSection
EndGlobal
