
Microsoft Visual Studio Solution File, Format Version 12.00
# Visual Studio Version 17
VisualStudioVersion = 17.4.33213.308
MinimumVisualStudioVersion = 10.0.40219.1
Project("{8BC9CEB8-8B4A-11D0-8D11-00A0C91BC942}") = "chapter10", "chapter10\chapter10.vcxproj", "{0A2825E1-FE04-4C4E-835E-8EE3E1F13326}"
EndProject
Project("{8BC9CEB8-8B4A-11D0-8D11-00A0C91BC942}") = "10-2", "10-2\10-2.vcxproj", "{ABA3767E-7E61-4E70-A223-A7ED6C484D12}"
EndProject
Project("{8BC9CEB8-8B4A-11D0-8D11-00A0C91BC942}") = "10-3", "10-3\10-3.vcxproj", "{906E7917-545F-4303-A4B1-15ED51A66AA5}"
EndProject
Project("{8BC9CEB8-8B4A-11D0-8D11-00A0C91BC942}") = "10-4", "10-4\10-4.vcxproj", "{1CBA1301-6C88-4A86-8BF9-A5C1DAF9B1FF}"
EndProject
Project("{8BC9CEB8-8B4A-11D0-8D11-00A0C91BC942}") = "10-5", "10-5\10-5.vcxproj", "{734DC561-6984-467F-988B-D8E348852F6D}"
EndProject
Project("{8BC9CEB8-8B4A-11D0-8D11-00A0C91BC942}") = "10-6", "10-6\10-6.vcxproj", "{4465A956-8847-4CF1-B2A1-D98C49DB4EDA}"
EndProject
Project("{8BC9CEB8-8B4A-11D0-8D11-00A0C91BC942}") = "10-7", "10-7\10-7.vcxproj", "{FB35C6FB-5854-47F6-B4F2-93BDE62446BA}"
EndProject
Project("{8BC9CEB8-8B4A-11D0-8D11-00A0C91BC942}") = "10-8", "10-8\10-8.vcxproj", "{3FB13EBA-9E57-40A1-AD1E-834517BBCFB6}"
EndProject
Project("{8BC9CEB8-8B4A-11D0-8D11-00A0C91BC942}") = "10-10", "10-10\10-10.vcxproj", "{52B536DF-D8CB-44CE-A558-AABEA4D0FCE2}"
EndProject
Project("{8BC9CEB8-8B4A-11D0-8D11-00A0C91BC942}") = "10-9", "10-9\10-9.vcxproj", "{379E30C4-3F7E-479B-B897-5A57A7A323AB}"
EndProject
Project("{8BC9CEB8-8B4A-11D0-8D11-00A0C91BC942}") = "10-11", "10-11\10-11.vcxproj", "{36027D69-BDC6-4419-8B76-AC44DB997899}"
EndProject
Project("{8BC9CEB8-8B4A-11D0-8D11-00A0C91BC942}") = "10-12", "10-12\10-12.vcxproj", "{6DDB95B2-A2A0-4D33-B660-1F3884908581}"
EndProject
Project("{8BC9CEB8-8B4A-11D0-8D11-00A0C91BC942}") = "10-13", "10-13\10-13.vcxproj", "{B44684A5-761E-40EE-A1D5-05FEDEA77611}"
EndProject
Project("{8BC9CEB8-8B4A-11D0-8D11-00A0C91BC942}") = "10-14", "10-14\10-14.vcxproj", "{C7D7E26F-1C08-4FA5-96A6-4FC0183AB8F4}"
EndProject
Project("{8BC9CEB8-8B4A-11D0-8D11-00A0C91BC942}") = "10-15", "10-15\10-15.vcxproj", "{06FD8F52-5C73-4F6F-BBA5-71229E85EF9E}"
EndProject
Project("{8BC9CEB8-8B4A-11D0-8D11-00A0C91BC942}") = "10-16", "10-16\10-16.vcxproj", "{D52928DA-319B-46DF-B562-0E8676965739}"
EndProject
Project("{8BC9CEB8-8B4A-11D0-8D11-00A0C91BC942}") = "10-17", "10-17\10-17.vcxproj", "{130AF13A-BBC0-45D7-87D6-0744E272945C}"
EndProject
Project("{8BC9CEB8-8B4A-11D0-8D11-00A0C91BC942}") = "10-18", "10-18\10-18.vcxproj", "{EF98D888-A55E-4BF8-A70D-D616294A9B5F}"
EndProject
Project("{8BC9CEB8-8B4A-11D0-8D11-00A0C91BC942}") = "10-19", "10-19\10-19.vcxproj", "{25A770C4-2910-4FB5-A161-3EB032A5BA19}"
EndProject
Project("{8BC9CEB8-8B4A-11D0-8D11-00A0C91BC942}") = "10-20", "10-20\10-20.vcxproj", "{8348C861-B51B-4ED9-8798-AC1D3C9D8570}"
EndProject
Global
	GlobalSection(SolutionConfigurationPlatforms) = preSolution
		Debug|x64 = Debug|x64
		Debug|x86 = Debug|x86
		Release|x64 = Release|x64
		Release|x86 = Release|x86
	EndGlobalSection
	GlobalSection(ProjectConfigurationPlatforms) = postSolution
		{0A2825E1-FE04-4C4E-835E-8EE3E1F13326}.Debug|x64.ActiveCfg = Debug|x64
		{0A2825E1-FE04-4C4E-835E-8EE3E1F13326}.Debug|x64.Build.0 = Debug|x64
		{0A2825E1-FE04-4C4E-835E-8EE3E1F13326}.Debug|x86.ActiveCfg = Debug|Win32
		{0A2825E1-FE04-4C4E-835E-8EE3E1F13326}.Debug|x86.Build.0 = Debug|Win32
		{0A2825E1-FE04-4C4E-835E-8EE3E1F13326}.Release|x64.ActiveCfg = Release|x64
		{0A2825E1-FE04-4C4E-835E-8EE3E1F13326}.Release|x64.Build.0 = Release|x64
		{0A2825E1-FE04-4C4E-835E-8EE3E1F13326}.Release|x86.ActiveCfg = Release|Win32
		{0A2825E1-FE04-4C4E-835E-8EE3E1F13326}.Release|x86.Build.0 = Release|Win32
		{ABA3767E-7E61-4E70-A223-A7ED6C484D12}.Debug|x64.ActiveCfg = Debug|x64
		{ABA3767E-7E61-4E70-A223-A7ED6C484D12}.Debug|x64.Build.0 = Debug|x64
		{ABA3767E-7E61-4E70-A223-A7ED6C484D12}.Debug|x86.ActiveCfg = Debug|Win32
		{ABA3767E-7E61-4E70-A223-A7ED6C484D12}.Debug|x86.Build.0 = Debug|Win32
		{ABA3767E-7E61-4E70-A223-A7ED6C484D12}.Release|x64.ActiveCfg = Release|x64
		{ABA3767E-7E61-4E70-A223-A7ED6C484D12}.Release|x64.Build.0 = Release|x64
		{ABA3767E-7E61-4E70-A223-A7ED6C484D12}.Release|x86.ActiveCfg = Release|Win32
		{ABA3767E-7E61-4E70-A223-A7ED6C484D12}.Release|x86.Build.0 = Release|Win32
		{906E7917-545F-4303-A4B1-15ED51A66AA5}.Debug|x64.ActiveCfg = Debug|x64
		{906E7917-545F-4303-A4B1-15ED51A66AA5}.Debug|x64.Build.0 = Debug|x64
		{906E7917-545F-4303-A4B1-15ED51A66AA5}.Debug|x86.ActiveCfg = Debug|Win32
		{906E7917-545F-4303-A4B1-15ED51A66AA5}.Debug|x86.Build.0 = Debug|Win32
		{906E7917-545F-4303-A4B1-15ED51A66AA5}.Release|x64.ActiveCfg = Release|x64
		{906E7917-545F-4303-A4B1-15ED51A66AA5}.Release|x64.Build.0 = Release|x64
		{906E7917-545F-4303-A4B1-15ED51A66AA5}.Release|x86.ActiveCfg = Release|Win32
		{906E7917-545F-4303-A4B1-15ED51A66AA5}.Release|x86.Build.0 = Release|Win32
		{1CBA1301-6C88-4A86-8BF9-A5C1DAF9B1FF}.Debug|x64.ActiveCfg = Debug|x64
		{1CBA1301-6C88-4A86-8BF9-A5C1DAF9B1FF}.Debug|x64.Build.0 = Debug|x64
		{1CBA1301-6C88-4A86-8BF9-A5C1DAF9B1FF}.Debug|x86.ActiveCfg = Debug|Win32
		{1CBA1301-6C88-4A86-8BF9-A5C1DAF9B1FF}.Debug|x86.Build.0 = Debug|Win32
		{1CBA1301-6C88-4A86-8BF9-A5C1DAF9B1FF}.Release|x64.ActiveCfg = Release|x64
		{1CBA1301-6C88-4A86-8BF9-A5C1DAF9B1FF}.Release|x64.Build.0 = Release|x64
		{1CBA1301-6C88-4A86-8BF9-A5C1DAF9B1FF}.Release|x86.ActiveCfg = Release|Win32
		{1CBA1301-6C88-4A86-8BF9-A5C1DAF9B1FF}.Release|x86.Build.0 = Release|Win32
		{734DC561-6984-467F-988B-D8E348852F6D}.Debug|x64.ActiveCfg = Debug|x64
		{734DC561-6984-467F-988B-D8E348852F6D}.Debug|x64.Build.0 = Debug|x64
		{734DC561-6984-467F-988B-D8E348852F6D}.Debug|x86.ActiveCfg = Debug|Win32
		{734DC561-6984-467F-988B-D8E348852F6D}.Debug|x86.Build.0 = Debug|Win32
		{734DC561-6984-467F-988B-D8E348852F6D}.Release|x64.ActiveCfg = Release|x64
		{734DC561-6984-467F-988B-D8E348852F6D}.Release|x64.Build.0 = Release|x64
		{734DC561-6984-467F-988B-D8E348852F6D}.Release|x86.ActiveCfg = Release|Win32
		{734DC561-6984-467F-988B-D8E348852F6D}.Release|x86.Build.0 = Release|Win32
		{4465A956-8847-4CF1-B2A1-D98C49DB4EDA}.Debug|x64.ActiveCfg = Debug|x64
		{4465A956-8847-4CF1-B2A1-D98C49DB4EDA}.Debug|x64.Build.0 = Debug|x64
		{4465A956-8847-4CF1-B2A1-D98C49DB4EDA}.Debug|x86.ActiveCfg = Debug|Win32
		{4465A956-8847-4CF1-B2A1-D98C49DB4EDA}.Debug|x86.Build.0 = Debug|Win32
		{4465A956-8847-4CF1-B2A1-D98C49DB4EDA}.Release|x64.ActiveCfg = Release|x64
		{4465A956-8847-4CF1-B2A1-D98C49DB4EDA}.Release|x64.Build.0 = Release|x64
		{4465A956-8847-4CF1-B2A1-D98C49DB4EDA}.Release|x86.ActiveCfg = Release|Win32
		{4465A956-8847-4CF1-B2A1-D98C49DB4EDA}.Release|x86.Build.0 = Release|Win32
		{FB35C6FB-5854-47F6-B4F2-93BDE62446BA}.Debug|x64.ActiveCfg = Debug|x64
		{FB35C6FB-5854-47F6-B4F2-93BDE62446BA}.Debug|x64.Build.0 = Debug|x64
		{FB35C6FB-5854-47F6-B4F2-93BDE62446BA}.Debug|x86.ActiveCfg = Debug|Win32
		{FB35C6FB-5854-47F6-B4F2-93BDE62446BA}.Debug|x86.Build.0 = Debug|Win32
		{FB35C6FB-5854-47F6-B4F2-93BDE62446BA}.Release|x64.ActiveCfg = Release|x64
		{FB35C6FB-5854-47F6-B4F2-93BDE62446BA}.Release|x64.Build.0 = Release|x64
		{FB35C6FB-5854-47F6-B4F2-93BDE62446BA}.Release|x86.ActiveCfg = Release|Win32
		{FB35C6FB-5854-47F6-B4F2-93BDE62446BA}.Release|x86.Build.0 = Release|Win32
		{3FB13EBA-9E57-40A1-AD1E-834517BBCFB6}.Debug|x64.ActiveCfg = Debug|x64
		{3FB13EBA-9E57-40A1-AD1E-834517BBCFB6}.Debug|x64.Build.0 = Debug|x64
		{3FB13EBA-9E57-40A1-AD1E-834517BBCFB6}.Debug|x86.ActiveCfg = Debug|Win32
		{3FB13EBA-9E57-40A1-AD1E-834517BBCFB6}.Debug|x86.Build.0 = Debug|Win32
		{3FB13EBA-9E57-40A1-AD1E-834517BBCFB6}.Release|x64.ActiveCfg = Release|x64
		{3FB13EBA-9E57-40A1-AD1E-834517BBCFB6}.Release|x64.Build.0 = Release|x64
		{3FB13EBA-9E57-40A1-AD1E-834517BBCFB6}.Release|x86.ActiveCfg = Release|Win32
		{3FB13EBA-9E57-40A1-AD1E-834517BBCFB6}.Release|x86.Build.0 = Release|Win32
		{52B536DF-D8CB-44CE-A558-AABEA4D0FCE2}.Debug|x64.ActiveCfg = Debug|x64
		{52B536DF-D8CB-44CE-A558-AABEA4D0FCE2}.Debug|x64.Build.0 = Debug|x64
		{52B536DF-D8CB-44CE-A558-AABEA4D0FCE2}.Debug|x86.ActiveCfg = Debug|Win32
		{52B536DF-D8CB-44CE-A558-AABEA4D0FCE2}.Debug|x86.Build.0 = Debug|Win32
		{52B536DF-D8CB-44CE-A558-AABEA4D0FCE2}.Release|x64.ActiveCfg = Release|x64
		{52B536DF-D8CB-44CE-A558-AABEA4D0FCE2}.Release|x64.Build.0 = Release|x64
		{52B536DF-D8CB-44CE-A558-AABEA4D0FCE2}.Release|x86.ActiveCfg = Release|Win32
		{52B536DF-D8CB-44CE-A558-AABEA4D0FCE2}.Release|x86.Build.0 = Release|Win32
		{379E30C4-3F7E-479B-B897-5A57A7A323AB}.Debug|x64.ActiveCfg = Debug|x64
		{379E30C4-3F7E-479B-B897-5A57A7A323AB}.Debug|x64.Build.0 = Debug|x64
		{379E30C4-3F7E-479B-B897-5A57A7A323AB}.Debug|x86.ActiveCfg = Debug|Win32
		{379E30C4-3F7E-479B-B897-5A57A7A323AB}.Debug|x86.Build.0 = Debug|Win32
		{379E30C4-3F7E-479B-B897-5A57A7A323AB}.Release|x64.ActiveCfg = Release|x64
		{379E30C4-3F7E-479B-B897-5A57A7A323AB}.Release|x64.Build.0 = Release|x64
		{379E30C4-3F7E-479B-B897-5A57A7A323AB}.Release|x86.ActiveCfg = Release|Win32
		{379E30C4-3F7E-479B-B897-5A57A7A323AB}.Release|x86.Build.0 = Release|Win32
		{36027D69-BDC6-4419-8B76-AC44DB997899}.Debug|x64.ActiveCfg = Debug|x64
		{36027D69-BDC6-4419-8B76-AC44DB997899}.Debug|x64.Build.0 = Debug|x64
		{36027D69-BDC6-4419-8B76-AC44DB997899}.Debug|x86.ActiveCfg = Debug|Win32
		{36027D69-BDC6-4419-8B76-AC44DB997899}.Debug|x86.Build.0 = Debug|Win32
		{36027D69-BDC6-4419-8B76-AC44DB997899}.Release|x64.ActiveCfg = Release|x64
		{36027D69-BDC6-4419-8B76-AC44DB997899}.Release|x64.Build.0 = Release|x64
		{36027D69-BDC6-4419-8B76-AC44DB997899}.Release|x86.ActiveCfg = Release|Win32
		{36027D69-BDC6-4419-8B76-AC44DB997899}.Release|x86.Build.0 = Release|Win32
		{6DDB95B2-A2A0-4D33-B660-1F3884908581}.Debug|x64.ActiveCfg = Debug|x64
		{6DDB95B2-A2A0-4D33-B660-1F3884908581}.Debug|x64.Build.0 = Debug|x64
		{6DDB95B2-A2A0-4D33-B660-1F3884908581}.Debug|x86.ActiveCfg = Debug|Win32
		{6DDB95B2-A2A0-4D33-B660-1F3884908581}.Debug|x86.Build.0 = Debug|Win32
		{6DDB95B2-A2A0-4D33-B660-1F3884908581}.Release|x64.ActiveCfg = Release|x64
		{6DDB95B2-A2A0-4D33-B660-1F3884908581}.Release|x64.Build.0 = Release|x64
		{6DDB95B2-A2A0-4D33-B660-1F3884908581}.Release|x86.ActiveCfg = Release|Win32
		{6DDB95B2-A2A0-4D33-B660-1F3884908581}.Release|x86.Build.0 = Release|Win32
		{B44684A5-761E-40EE-A1D5-05FEDEA77611}.Debug|x64.ActiveCfg = Debug|x64
		{B44684A5-761E-40EE-A1D5-05FEDEA77611}.Debug|x64.Build.0 = Debug|x64
		{B44684A5-761E-40EE-A1D5-05FEDEA77611}.Debug|x86.ActiveCfg = Debug|Win32
		{B44684A5-761E-40EE-A1D5-05FEDEA77611}.Debug|x86.Build.0 = Debug|Win32
		{B44684A5-761E-40EE-A1D5-05FEDEA77611}.Release|x64.ActiveCfg = Release|x64
		{B44684A5-761E-40EE-A1D5-05FEDEA77611}.Release|x64.Build.0 = Release|x64
		{B44684A5-761E-40EE-A1D5-05FEDEA77611}.Release|x86.ActiveCfg = Release|Win32
		{B44684A5-761E-40EE-A1D5-05FEDEA77611}.Release|x86.Build.0 = Release|Win32
		{C7D7E26F-1C08-4FA5-96A6-4FC0183AB8F4}.Debug|x64.ActiveCfg = Debug|x64
		{C7D7E26F-1C08-4FA5-96A6-4FC0183AB8F4}.Debug|x64.Build.0 = Debug|x64
		{C7D7E26F-1C08-4FA5-96A6-4FC0183AB8F4}.Debug|x86.ActiveCfg = Debug|Win32
		{C7D7E26F-1C08-4FA5-96A6-4FC0183AB8F4}.Debug|x86.Build.0 = Debug|Win32
		{C7D7E26F-1C08-4FA5-96A6-4FC0183AB8F4}.Release|x64.ActiveCfg = Release|x64
		{C7D7E26F-1C08-4FA5-96A6-4FC0183AB8F4}.Release|x64.Build.0 = Release|x64
		{C7D7E26F-1C08-4FA5-96A6-4FC0183AB8F4}.Release|x86.ActiveCfg = Release|Win32
		{C7D7E26F-1C08-4FA5-96A6-4FC0183AB8F4}.Release|x86.Build.0 = Release|Win32
		{06FD8F52-5C73-4F6F-BBA5-71229E85EF9E}.Debug|x64.ActiveCfg = Debug|x64
		{06FD8F52-5C73-4F6F-BBA5-71229E85EF9E}.Debug|x64.Build.0 = Debug|x64
		{06FD8F52-5C73-4F6F-BBA5-71229E85EF9E}.Debug|x86.ActiveCfg = Debug|Win32
		{06FD8F52-5C73-4F6F-BBA5-71229E85EF9E}.Debug|x86.Build.0 = Debug|Win32
		{06FD8F52-5C73-4F6F-BBA5-71229E85EF9E}.Release|x64.ActiveCfg = Release|x64
		{06FD8F52-5C73-4F6F-BBA5-71229E85EF9E}.Release|x64.Build.0 = Release|x64
		{06FD8F52-5C73-4F6F-BBA5-71229E85EF9E}.Release|x86.ActiveCfg = Release|Win32
		{06FD8F52-5C73-4F6F-BBA5-71229E85EF9E}.Release|x86.Build.0 = Release|Win32
		{D52928DA-319B-46DF-B562-0E8676965739}.Debug|x64.ActiveCfg = Debug|x64
		{D52928DA-319B-46DF-B562-0E8676965739}.Debug|x64.Build.0 = Debug|x64
		{D52928DA-319B-46DF-B562-0E8676965739}.Debug|x86.ActiveCfg = Debug|Win32
		{D52928DA-319B-46DF-B562-0E8676965739}.Debug|x86.Build.0 = Debug|Win32
		{D52928DA-319B-46DF-B562-0E8676965739}.Release|x64.ActiveCfg = Release|x64
		{D52928DA-319B-46DF-B562-0E8676965739}.Release|x64.Build.0 = Release|x64
		{D52928DA-319B-46DF-B562-0E8676965739}.Release|x86.ActiveCfg = Release|Win32
		{D52928DA-319B-46DF-B562-0E8676965739}.Release|x86.Build.0 = Release|Win32
		{130AF13A-BBC0-45D7-87D6-0744E272945C}.Debug|x64.ActiveCfg = Debug|x64
		{130AF13A-BBC0-45D7-87D6-0744E272945C}.Debug|x64.Build.0 = Debug|x64
		{130AF13A-BBC0-45D7-87D6-0744E272945C}.Debug|x86.ActiveCfg = Debug|Win32
		{130AF13A-BBC0-45D7-87D6-0744E272945C}.Debug|x86.Build.0 = Debug|Win32
		{130AF13A-BBC0-45D7-87D6-0744E272945C}.Release|x64.ActiveCfg = Release|x64
		{130AF13A-BBC0-45D7-87D6-0744E272945C}.Release|x64.Build.0 = Release|x64
		{130AF13A-BBC0-45D7-87D6-0744E272945C}.Release|x86.ActiveCfg = Release|Win32
		{130AF13A-BBC0-45D7-87D6-0744E272945C}.Release|x86.Build.0 = Release|Win32
		{EF98D888-A55E-4BF8-A70D-D616294A9B5F}.Debug|x64.ActiveCfg = Debug|x64
		{EF98D888-A55E-4BF8-A70D-D616294A9B5F}.Debug|x64.Build.0 = Debug|x64
		{EF98D888-A55E-4BF8-A70D-D616294A9B5F}.Debug|x86.ActiveCfg = Debug|Win32
		{EF98D888-A55E-4BF8-A70D-D616294A9B5F}.Debug|x86.Build.0 = Debug|Win32
		{EF98D888-A55E-4BF8-A70D-D616294A9B5F}.Release|x64.ActiveCfg = Release|x64
		{EF98D888-A55E-4BF8-A70D-D616294A9B5F}.Release|x64.Build.0 = Release|x64
		{EF98D888-A55E-4BF8-A70D-D616294A9B5F}.Release|x86.ActiveCfg = Release|Win32
		{EF98D888-A55E-4BF8-A70D-D616294A9B5F}.Release|x86.Build.0 = Release|Win32
		{25A770C4-2910-4FB5-A161-3EB032A5BA19}.Debug|x64.ActiveCfg = Debug|x64
		{25A770C4-2910-4FB5-A161-3EB032A5BA19}.Debug|x64.Build.0 = Debug|x64
		{25A770C4-2910-4FB5-A161-3EB032A5BA19}.Debug|x86.ActiveCfg = Debug|Win32
		{25A770C4-2910-4FB5-A161-3EB032A5BA19}.Debug|x86.Build.0 = Debug|Win32
		{25A770C4-2910-4FB5-A161-3EB032A5BA19}.Release|x64.ActiveCfg = Release|x64
		{25A770C4-2910-4FB5-A161-3EB032A5BA19}.Release|x64.Build.0 = Release|x64
		{25A770C4-2910-4FB5-A161-3EB032A5BA19}.Release|x86.ActiveCfg = Release|Win32
		{25A770C4-2910-4FB5-A161-3EB032A5BA19}.Release|x86.Build.0 = Release|Win32
		{8348C861-B51B-4ED9-8798-AC1D3C9D8570}.Debug|x64.ActiveCfg = Debug|x64
		{8348C861-B51B-4ED9-8798-AC1D3C9D8570}.Debug|x64.Build.0 = Debug|x64
		{8348C861-B51B-4ED9-8798-AC1D3C9D8570}.Debug|x86.ActiveCfg = Debug|Win32
		{8348C861-B51B-4ED9-8798-AC1D3C9D8570}.Debug|x86.Build.0 = Debug|Win32
		{8348C861-B51B-4ED9-8798-AC1D3C9D8570}.Release|x64.ActiveCfg = Release|x64
		{8348C861-B51B-4ED9-8798-AC1D3C9D8570}.Release|x64.Build.0 = Release|x64
		{8348C861-B51B-4ED9-8798-AC1D3C9D8570}.Release|x86.ActiveCfg = Release|Win32
		{8348C861-B51B-4ED9-8798-AC1D3C9D8570}.Release|x86.Build.0 = Release|Win32
	EndGlobalSection
	GlobalSection(SolutionProperties) = preSolution
		HideSolutionNode = FALSE
	EndGlobalSection
	GlobalSection(ExtensibilityGlobals) = postSolution
		SolutionGuid = {FDE081DA-BCAA-41DB-ACFA-015229D06D90}
	EndGlobalSection
EndGlobal
