
Microsoft Visual Studio Solution File, Format Version 12.00
# Visual Studio Version 17
VisualStudioVersion = 17.6.33815.320
MinimumVisualStudioVersion = 10.0.40219.1
Project("{8BC9CEB8-8B4A-11D0-8D11-00A0C91BC942}") = "12-1", "12-1\12-1.vcxproj", "{B61A51CE-ABC9-4AD0-ADCC-934907D0CF81}"
EndProject
Project("{8BC9CEB8-8B4A-11D0-8D11-00A0C91BC942}") = "12-2", "12-2\12-2.vcxproj", "{FED0C297-10F3-47DA-A39A-0261B76BE778}"
EndProject
Project("{8BC9CEB8-8B4A-11D0-8D11-00A0C91BC942}") = "12-3", "12-3\12-3.vcxproj", "{A974DA11-AF42-47C6-AB6C-456E76663D7E}"
EndProject
Project("{8BC9CEB8-8B4A-11D0-8D11-00A0C91BC942}") = "12-4", "12-4\12-4.vcxproj", "{E315904D-BFCA-4066-8959-ED4C7E051C6D}"
EndProject
Project("{8BC9CEB8-8B4A-11D0-8D11-00A0C91BC942}") = "12-5", "12-5\12-5.vcxproj", "{5D206A0F-1EA9-4A89-B717-E4A5AEAB3106}"
EndProject
Project("{8BC9CEB8-8B4A-11D0-8D11-00A0C91BC942}") = "12-6", "12-6\12-6.vcxproj", "{89F126E5-CD06-4CC0-B558-F95BEAC1D05D}"
EndProject
Project("{8BC9CEB8-8B4A-11D0-8D11-00A0C91BC942}") = "12-7", "12-7\12-7.vcxproj", "{B417D978-2322-4076-B82E-2AA8AE74B72F}"
EndProject
Project("{8BC9CEB8-8B4A-11D0-8D11-00A0C91BC942}") = "12-8", "12-8\12-8.vcxproj", "{9B8475C3-DB92-469A-9D1E-C939FEF3A5D6}"
EndProject
Project("{8BC9CEB8-8B4A-11D0-8D11-00A0C91BC942}") = "12-9", "12-9\12-9.vcxproj", "{476E0F8E-9E41-4950-9F22-71E095824066}"
EndProject
Project("{8BC9CEB8-8B4A-11D0-8D11-00A0C91BC942}") = "12-10", "12-10\12-10.vcxproj", "{A9F2FF48-76E4-45B7-9470-0F6C77A175D0}"
EndProject
Project("{8BC9CEB8-8B4A-11D0-8D11-00A0C91BC942}") = "12-11", "12-11\12-11.vcxproj", "{A9E8F418-1FCB-4698-95F8-DFBB59E81C79}"
EndProject
Project("{8BC9CEB8-8B4A-11D0-8D11-00A0C91BC942}") = "12-12", "12-12\12-12.vcxproj", "{93DDEA69-6C63-4055-8597-A4AB305A986F}"
EndProject
Global
	GlobalSection(SolutionConfigurationPlatforms) = preSolution
		Debug|x64 = Debug|x64
		Debug|x86 = Debug|x86
		Release|x64 = Release|x64
		Release|x86 = Release|x86
	EndGlobalSection
	GlobalSection(ProjectConfigurationPlatforms) = postSolution
		{B61A51CE-ABC9-4AD0-ADCC-934907D0CF81}.Debug|x64.ActiveCfg = Debug|x64
		{B61A51CE-ABC9-4AD0-ADCC-934907D0CF81}.Debug|x64.Build.0 = Debug|x64
		{B61A51CE-ABC9-4AD0-ADCC-934907D0CF81}.Debug|x86.ActiveCfg = Debug|Win32
		{B61A51CE-ABC9-4AD0-ADCC-934907D0CF81}.Debug|x86.Build.0 = Debug|Win32
		{B61A51CE-ABC9-4AD0-ADCC-934907D0CF81}.Release|x64.ActiveCfg = Release|x64
		{B61A51CE-ABC9-4AD0-ADCC-934907D0CF81}.Release|x64.Build.0 = Release|x64
		{B61A51CE-ABC9-4AD0-ADCC-934907D0CF81}.Release|x86.ActiveCfg = Release|Win32
		{B61A51CE-ABC9-4AD0-ADCC-934907D0CF81}.Release|x86.Build.0 = Release|Win32
		{FED0C297-10F3-47DA-A39A-0261B76BE778}.Debug|x64.ActiveCfg = Debug|x64
		{FED0C297-10F3-47DA-A39A-0261B76BE778}.Debug|x64.Build.0 = Debug|x64
		{FED0C297-10F3-47DA-A39A-0261B76BE778}.Debug|x86.ActiveCfg = Debug|Win32
		{FED0C297-10F3-47DA-A39A-0261B76BE778}.Debug|x86.Build.0 = Debug|Win32
		{FED0C297-10F3-47DA-A39A-0261B76BE778}.Release|x64.ActiveCfg = Release|x64
		{FED0C297-10F3-47DA-A39A-0261B76BE778}.Release|x64.Build.0 = Release|x64
		{FED0C297-10F3-47DA-A39A-0261B76BE778}.Release|x86.ActiveCfg = Release|Win32
		{FED0C297-10F3-47DA-A39A-0261B76BE778}.Release|x86.Build.0 = Release|Win32
		{A974DA11-AF42-47C6-AB6C-456E76663D7E}.Debug|x64.ActiveCfg = Debug|x64
		{A974DA11-AF42-47C6-AB6C-456E76663D7E}.Debug|x64.Build.0 = Debug|x64
		{A974DA11-AF42-47C6-AB6C-456E76663D7E}.Debug|x86.ActiveCfg = Debug|Win32
		{A974DA11-AF42-47C6-AB6C-456E76663D7E}.Debug|x86.Build.0 = Debug|Win32
		{A974DA11-AF42-47C6-AB6C-456E76663D7E}.Release|x64.ActiveCfg = Release|x64
		{A974DA11-AF42-47C6-AB6C-456E76663D7E}.Release|x64.Build.0 = Release|x64
		{A974DA11-AF42-47C6-AB6C-456E76663D7E}.Release|x86.ActiveCfg = Release|Win32
		{A974DA11-AF42-47C6-AB6C-456E76663D7E}.Release|x86.Build.0 = Release|Win32
		{E315904D-BFCA-4066-8959-ED4C7E051C6D}.Debug|x64.ActiveCfg = Debug|x64
		{E315904D-BFCA-4066-8959-ED4C7E051C6D}.Debug|x64.Build.0 = Debug|x64
		{E315904D-BFCA-4066-8959-ED4C7E051C6D}.Debug|x86.ActiveCfg = Debug|Win32
		{E315904D-BFCA-4066-8959-ED4C7E051C6D}.Debug|x86.Build.0 = Debug|Win32
		{E315904D-BFCA-4066-8959-ED4C7E051C6D}.Release|x64.ActiveCfg = Release|x64
		{E315904D-BFCA-4066-8959-ED4C7E051C6D}.Release|x64.Build.0 = Release|x64
		{E315904D-BFCA-4066-8959-ED4C7E051C6D}.Release|x86.ActiveCfg = Release|Win32
		{E315904D-BFCA-4066-8959-ED4C7E051C6D}.Release|x86.Build.0 = Release|Win32
		{5D206A0F-1EA9-4A89-B717-E4A5AEAB3106}.Debug|x64.ActiveCfg = Debug|x64
		{5D206A0F-1EA9-4A89-B717-E4A5AEAB3106}.Debug|x64.Build.0 = Debug|x64
		{5D206A0F-1EA9-4A89-B717-E4A5AEAB3106}.Debug|x86.ActiveCfg = Debug|Win32
		{5D206A0F-1EA9-4A89-B717-E4A5AEAB3106}.Debug|x86.Build.0 = Debug|Win32
		{5D206A0F-1EA9-4A89-B717-E4A5AEAB3106}.Release|x64.ActiveCfg = Release|x64
		{5D206A0F-1EA9-4A89-B717-E4A5AEAB3106}.Release|x64.Build.0 = Release|x64
		{5D206A0F-1EA9-4A89-B717-E4A5AEAB3106}.Release|x86.ActiveCfg = Release|Win32
		{5D206A0F-1EA9-4A89-B717-E4A5AEAB3106}.Release|x86.Build.0 = Release|Win32
		{89F126E5-CD06-4CC0-B558-F95BEAC1D05D}.Debug|x64.ActiveCfg = Debug|x64
		{89F126E5-CD06-4CC0-B558-F95BEAC1D05D}.Debug|x64.Build.0 = Debug|x64
		{89F126E5-CD06-4CC0-B558-F95BEAC1D05D}.Debug|x86.ActiveCfg = Debug|Win32
		{89F126E5-CD06-4CC0-B558-F95BEAC1D05D}.Debug|x86.Build.0 = Debug|Win32
		{89F126E5-CD06-4CC0-B558-F95BEAC1D05D}.Release|x64.ActiveCfg = Release|x64
		{89F126E5-CD06-4CC0-B558-F95BEAC1D05D}.Release|x64.Build.0 = Release|x64
		{89F126E5-CD06-4CC0-B558-F95BEAC1D05D}.Release|x86.ActiveCfg = Release|Win32
		{89F126E5-CD06-4CC0-B558-F95BEAC1D05D}.Release|x86.Build.0 = Release|Win32
		{B417D978-2322-4076-B82E-2AA8AE74B72F}.Debug|x64.ActiveCfg = Debug|x64
		{B417D978-2322-4076-B82E-2AA8AE74B72F}.Debug|x64.Build.0 = Debug|x64
		{B417D978-2322-4076-B82E-2AA8AE74B72F}.Debug|x86.ActiveCfg = Debug|Win32
		{B417D978-2322-4076-B82E-2AA8AE74B72F}.Debug|x86.Build.0 = Debug|Win32
		{B417D978-2322-4076-B82E-2AA8AE74B72F}.Release|x64.ActiveCfg = Release|x64
		{B417D978-2322-4076-B82E-2AA8AE74B72F}.Release|x64.Build.0 = Release|x64
		{B417D978-2322-4076-B82E-2AA8AE74B72F}.Release|x86.ActiveCfg = Release|Win32
		{B417D978-2322-4076-B82E-2AA8AE74B72F}.Release|x86.Build.0 = Release|Win32
		{9B8475C3-DB92-469A-9D1E-C939FEF3A5D6}.Debug|x64.ActiveCfg = Debug|x64
		{9B8475C3-DB92-469A-9D1E-C939FEF3A5D6}.Debug|x64.Build.0 = Debug|x64
		{9B8475C3-DB92-469A-9D1E-C939FEF3A5D6}.Debug|x86.ActiveCfg = Debug|Win32
		{9B8475C3-DB92-469A-9D1E-C939FEF3A5D6}.Debug|x86.Build.0 = Debug|Win32
		{9B8475C3-DB92-469A-9D1E-C939FEF3A5D6}.Release|x64.ActiveCfg = Release|x64
		{9B8475C3-DB92-469A-9D1E-C939FEF3A5D6}.Release|x64.Build.0 = Release|x64
		{9B8475C3-DB92-469A-9D1E-C939FEF3A5D6}.Release|x86.ActiveCfg = Release|Win32
		{9B8475C3-DB92-469A-9D1E-C939FEF3A5D6}.Release|x86.Build.0 = Release|Win32
		{476E0F8E-9E41-4950-9F22-71E095824066}.Debug|x64.ActiveCfg = Debug|x64
		{476E0F8E-9E41-4950-9F22-71E095824066}.Debug|x64.Build.0 = Debug|x64
		{476E0F8E-9E41-4950-9F22-71E095824066}.Debug|x86.ActiveCfg = Debug|Win32
		{476E0F8E-9E41-4950-9F22-71E095824066}.Debug|x86.Build.0 = Debug|Win32
		{476E0F8E-9E41-4950-9F22-71E095824066}.Release|x64.ActiveCfg = Release|x64
		{476E0F8E-9E41-4950-9F22-71E095824066}.Release|x64.Build.0 = Release|x64
		{476E0F8E-9E41-4950-9F22-71E095824066}.Release|x86.ActiveCfg = Release|Win32
		{476E0F8E-9E41-4950-9F22-71E095824066}.Release|x86.Build.0 = Release|Win32
		{A9F2FF48-76E4-45B7-9470-0F6C77A175D0}.Debug|x64.ActiveCfg = Debug|x64
		{A9F2FF48-76E4-45B7-9470-0F6C77A175D0}.Debug|x64.Build.0 = Debug|x64
		{A9F2FF48-76E4-45B7-9470-0F6C77A175D0}.Debug|x86.ActiveCfg = Debug|Win32
		{A9F2FF48-76E4-45B7-9470-0F6C77A175D0}.Debug|x86.Build.0 = Debug|Win32
		{A9F2FF48-76E4-45B7-9470-0F6C77A175D0}.Release|x64.ActiveCfg = Release|x64
		{A9F2FF48-76E4-45B7-9470-0F6C77A175D0}.Release|x64.Build.0 = Release|x64
		{A9F2FF48-76E4-45B7-9470-0F6C77A175D0}.Release|x86.ActiveCfg = Release|Win32
		{A9F2FF48-76E4-45B7-9470-0F6C77A175D0}.Release|x86.Build.0 = Release|Win32
		{A9E8F418-1FCB-4698-95F8-DFBB59E81C79}.Debug|x64.ActiveCfg = Debug|x64
		{A9E8F418-1FCB-4698-95F8-DFBB59E81C79}.Debug|x64.Build.0 = Debug|x64
		{A9E8F418-1FCB-4698-95F8-DFBB59E81C79}.Debug|x86.ActiveCfg = Debug|Win32
		{A9E8F418-1FCB-4698-95F8-DFBB59E81C79}.Debug|x86.Build.0 = Debug|Win32
		{A9E8F418-1FCB-4698-95F8-DFBB59E81C79}.Release|x64.ActiveCfg = Release|x64
		{A9E8F418-1FCB-4698-95F8-DFBB59E81C79}.Release|x64.Build.0 = Release|x64
		{A9E8F418-1FCB-4698-95F8-DFBB59E81C79}.Release|x86.ActiveCfg = Release|Win32
		{A9E8F418-1FCB-4698-95F8-DFBB59E81C79}.Release|x86.Build.0 = Release|Win32
		{93DDEA69-6C63-4055-8597-A4AB305A986F}.Debug|x64.ActiveCfg = Debug|x64
		{93DDEA69-6C63-4055-8597-A4AB305A986F}.Debug|x64.Build.0 = Debug|x64
		{93DDEA69-6C63-4055-8597-A4AB305A986F}.Debug|x86.ActiveCfg = Debug|Win32
		{93DDEA69-6C63-4055-8597-A4AB305A986F}.Debug|x86.Build.0 = Debug|Win32
		{93DDEA69-6C63-4055-8597-A4AB305A986F}.Release|x64.ActiveCfg = Release|x64
		{93DDEA69-6C63-4055-8597-A4AB305A986F}.Release|x64.Build.0 = Release|x64
		{93DDEA69-6C63-4055-8597-A4AB305A986F}.Release|x86.ActiveCfg = Release|Win32
		{93DDEA69-6C63-4055-8597-A4AB305A986F}.Release|x86.Build.0 = Release|Win32
	EndGlobalSection
	GlobalSection(SolutionProperties) = preSolution
		HideSolutionNode = FALSE
	EndGlobalSection
	GlobalSection(ExtensibilityGlobals) = postSolution
		SolutionGuid = {88A061E3-0475-4A1B-9A2B-91539B623B05}
	EndGlobalSection
EndGlobal
