
Microsoft Visual Studio Solution File, Format Version 12.00
# Visual Studio Version 17
VisualStudioVersion = 17.5.33516.290
MinimumVisualStudioVersion = 10.0.40219.1
Project("{8BC9CEB8-8B4A-11D0-8D11-00A0C91BC942}") = "chapter07", "chapter07\chapter07.vcxproj", "{8163CA8C-EA3D-4996-B8D4-1A1E64CC6C22}"
EndProject
Project("{8BC9CEB8-8B4A-11D0-8D11-00A0C91BC942}") = "7-2", "7-2\7-2.vcxproj", "{B15CB0B4-488F-4751-89F2-7573E6A9CC2B}"
EndProject
Project("{8BC9CEB8-8B4A-11D0-8D11-00A0C91BC942}") = "7-3", "7-3\7-3.vcxproj", "{AE3DEA29-3BE9-44A6-A55A-9FC642C0BA80}"
EndProject
Project("{8BC9CEB8-8B4A-11D0-8D11-00A0C91BC942}") = "7-4", "7-4\7-4.vcxproj", "{4ED7C8C7-6F4F-4DFC-9039-0BC5F5C5D0F6}"
EndProject
Project("{8BC9CEB8-8B4A-11D0-8D11-00A0C91BC942}") = "7-5", "7-5\7-5.vcxproj", "{E032A6AA-1EC1-459C-A2AA-AE9B197E62CB}"
EndProject
Project("{8BC9CEB8-8B4A-11D0-8D11-00A0C91BC942}") = "7-6", "7-6\7-6.vcxproj", "{077D81D1-A7B3-45F6-9F84-BF4CD87194E3}"
EndProject
Project("{8BC9CEB8-8B4A-11D0-8D11-00A0C91BC942}") = "7-7", "7-7\7-7.vcxproj", "{4DCF150D-D251-420E-85B3-60E090F3970F}"
EndProject
Project("{8BC9CEB8-8B4A-11D0-8D11-00A0C91BC942}") = "7-8", "7-8\7-8.vcxproj", "{FB5CA263-4651-4F68-9AEE-A1EE800EE4D2}"
EndProject
Project("{8BC9CEB8-8B4A-11D0-8D11-00A0C91BC942}") = "7-9", "7-9\7-9.vcxproj", "{EE463CBE-7840-4A20-B1A8-262038E24859}"
EndProject
Project("{8BC9CEB8-8B4A-11D0-8D11-00A0C91BC942}") = "7-10", "7-10\7-10.vcxproj", "{7FE8CCEB-9752-4602-86CC-8FAA36124520}"
EndProject
Project("{8BC9CEB8-8B4A-11D0-8D11-00A0C91BC942}") = "7-11", "7-11\7-11.vcxproj", "{2B5DB64D-D00A-46E4-8C90-FD12A7CC7CDE}"
EndProject
Project("{8BC9CEB8-8B4A-11D0-8D11-00A0C91BC942}") = "7-13", "7-13\7-13.vcxproj", "{0D72C1A9-BAFE-4B10-8918-5AC7B196B5EE}"
EndProject
Project("{8BC9CEB8-8B4A-11D0-8D11-00A0C91BC942}") = "7-12", "7-12\7-12.vcxproj", "{F13F1AB5-039F-43D3-AFDE-3B00904B906B}"
EndProject
Global
	GlobalSection(SolutionConfigurationPlatforms) = preSolution
		Debug|x64 = Debug|x64
		Debug|x86 = Debug|x86
		Release|x64 = Release|x64
		Release|x86 = Release|x86
	EndGlobalSection
	GlobalSection(ProjectConfigurationPlatforms) = postSolution
		{8163CA8C-EA3D-4996-B8D4-1A1E64CC6C22}.Debug|x64.ActiveCfg = Debug|x64
		{8163CA8C-EA3D-4996-B8D4-1A1E64CC6C22}.Debug|x64.Build.0 = Debug|x64
		{8163CA8C-EA3D-4996-B8D4-1A1E64CC6C22}.Debug|x86.ActiveCfg = Debug|Win32
		{8163CA8C-EA3D-4996-B8D4-1A1E64CC6C22}.Debug|x86.Build.0 = Debug|Win32
		{8163CA8C-EA3D-4996-B8D4-1A1E64CC6C22}.Release|x64.ActiveCfg = Release|x64
		{8163CA8C-EA3D-4996-B8D4-1A1E64CC6C22}.Release|x64.Build.0 = Release|x64
		{8163CA8C-EA3D-4996-B8D4-1A1E64CC6C22}.Release|x86.ActiveCfg = Release|Win32
		{8163CA8C-EA3D-4996-B8D4-1A1E64CC6C22}.Release|x86.Build.0 = Release|Win32
		{B15CB0B4-488F-4751-89F2-7573E6A9CC2B}.Debug|x64.ActiveCfg = Debug|x64
		{B15CB0B4-488F-4751-89F2-7573E6A9CC2B}.Debug|x64.Build.0 = Debug|x64
		{B15CB0B4-488F-4751-89F2-7573E6A9CC2B}.Debug|x86.ActiveCfg = Debug|Win32
		{B15CB0B4-488F-4751-89F2-7573E6A9CC2B}.Debug|x86.Build.0 = Debug|Win32
		{B15CB0B4-488F-4751-89F2-7573E6A9CC2B}.Release|x64.ActiveCfg = Release|x64
		{B15CB0B4-488F-4751-89F2-7573E6A9CC2B}.Release|x64.Build.0 = Release|x64
		{B15CB0B4-488F-4751-89F2-7573E6A9CC2B}.Release|x86.ActiveCfg = Release|Win32
		{B15CB0B4-488F-4751-89F2-7573E6A9CC2B}.Release|x86.Build.0 = Release|Win32
		{AE3DEA29-3BE9-44A6-A55A-9FC642C0BA80}.Debug|x64.ActiveCfg = Debug|x64
		{AE3DEA29-3BE9-44A6-A55A-9FC642C0BA80}.Debug|x64.Build.0 = Debug|x64
		{AE3DEA29-3BE9-44A6-A55A-9FC642C0BA80}.Debug|x86.ActiveCfg = Debug|Win32
		{AE3DEA29-3BE9-44A6-A55A-9FC642C0BA80}.Debug|x86.Build.0 = Debug|Win32
		{AE3DEA29-3BE9-44A6-A55A-9FC642C0BA80}.Release|x64.ActiveCfg = Release|x64
		{AE3DEA29-3BE9-44A6-A55A-9FC642C0BA80}.Release|x64.Build.0 = Release|x64
		{AE3DEA29-3BE9-44A6-A55A-9FC642C0BA80}.Release|x86.ActiveCfg = Release|Win32
		{AE3DEA29-3BE9-44A6-A55A-9FC642C0BA80}.Release|x86.Build.0 = Release|Win32
		{4ED7C8C7-6F4F-4DFC-9039-0BC5F5C5D0F6}.Debug|x64.ActiveCfg = Debug|x64
		{4ED7C8C7-6F4F-4DFC-9039-0BC5F5C5D0F6}.Debug|x64.Build.0 = Debug|x64
		{4ED7C8C7-6F4F-4DFC-9039-0BC5F5C5D0F6}.Debug|x86.ActiveCfg = Debug|Win32
		{4ED7C8C7-6F4F-4DFC-9039-0BC5F5C5D0F6}.Debug|x86.Build.0 = Debug|Win32
		{4ED7C8C7-6F4F-4DFC-9039-0BC5F5C5D0F6}.Release|x64.ActiveCfg = Release|x64
		{4ED7C8C7-6F4F-4DFC-9039-0BC5F5C5D0F6}.Release|x64.Build.0 = Release|x64
		{4ED7C8C7-6F4F-4DFC-9039-0BC5F5C5D0F6}.Release|x86.ActiveCfg = Release|Win32
		{4ED7C8C7-6F4F-4DFC-9039-0BC5F5C5D0F6}.Release|x86.Build.0 = Release|Win32
		{E032A6AA-1EC1-459C-A2AA-AE9B197E62CB}.Debug|x64.ActiveCfg = Debug|x64
		{E032A6AA-1EC1-459C-A2AA-AE9B197E62CB}.Debug|x64.Build.0 = Debug|x64
		{E032A6AA-1EC1-459C-A2AA-AE9B197E62CB}.Debug|x86.ActiveCfg = Debug|Win32
		{E032A6AA-1EC1-459C-A2AA-AE9B197E62CB}.Debug|x86.Build.0 = Debug|Win32
		{E032A6AA-1EC1-459C-A2AA-AE9B197E62CB}.Release|x64.ActiveCfg = Release|x64
		{E032A6AA-1EC1-459C-A2AA-AE9B197E62CB}.Release|x64.Build.0 = Release|x64
		{E032A6AA-1EC1-459C-A2AA-AE9B197E62CB}.Release|x86.ActiveCfg = Release|Win32
		{E032A6AA-1EC1-459C-A2AA-AE9B197E62CB}.Release|x86.Build.0 = Release|Win32
		{077D81D1-A7B3-45F6-9F84-BF4CD87194E3}.Debug|x64.ActiveCfg = Debug|x64
		{077D81D1-A7B3-45F6-9F84-BF4CD87194E3}.Debug|x64.Build.0 = Debug|x64
		{077D81D1-A7B3-45F6-9F84-BF4CD87194E3}.Debug|x86.ActiveCfg = Debug|Win32
		{077D81D1-A7B3-45F6-9F84-BF4CD87194E3}.Debug|x86.Build.0 = Debug|Win32
		{077D81D1-A7B3-45F6-9F84-BF4CD87194E3}.Release|x64.ActiveCfg = Release|x64
		{077D81D1-A7B3-45F6-9F84-BF4CD87194E3}.Release|x64.Build.0 = Release|x64
		{077D81D1-A7B3-45F6-9F84-BF4CD87194E3}.Release|x86.ActiveCfg = Release|Win32
		{077D81D1-A7B3-45F6-9F84-BF4CD87194E3}.Release|x86.Build.0 = Release|Win32
		{4DCF150D-D251-420E-85B3-60E090F3970F}.Debug|x64.ActiveCfg = Debug|x64
		{4DCF150D-D251-420E-85B3-60E090F3970F}.Debug|x64.Build.0 = Debug|x64
		{4DCF150D-D251-420E-85B3-60E090F3970F}.Debug|x86.ActiveCfg = Debug|Win32
		{4DCF150D-D251-420E-85B3-60E090F3970F}.Debug|x86.Build.0 = Debug|Win32
		{4DCF150D-D251-420E-85B3-60E090F3970F}.Release|x64.ActiveCfg = Release|x64
		{4DCF150D-D251-420E-85B3-60E090F3970F}.Release|x64.Build.0 = Release|x64
		{4DCF150D-D251-420E-85B3-60E090F3970F}.Release|x86.ActiveCfg = Release|Win32
		{4DCF150D-D251-420E-85B3-60E090F3970F}.Release|x86.Build.0 = Release|Win32
		{FB5CA263-4651-4F68-9AEE-A1EE800EE4D2}.Debug|x64.ActiveCfg = Debug|x64
		{FB5CA263-4651-4F68-9AEE-A1EE800EE4D2}.Debug|x64.Build.0 = Debug|x64
		{FB5CA263-4651-4F68-9AEE-A1EE800EE4D2}.Debug|x86.ActiveCfg = Debug|Win32
		{FB5CA263-4651-4F68-9AEE-A1EE800EE4D2}.Debug|x86.Build.0 = Debug|Win32
		{FB5CA263-4651-4F68-9AEE-A1EE800EE4D2}.Release|x64.ActiveCfg = Release|x64
		{FB5CA263-4651-4F68-9AEE-A1EE800EE4D2}.Release|x64.Build.0 = Release|x64
		{FB5CA263-4651-4F68-9AEE-A1EE800EE4D2}.Release|x86.ActiveCfg = Release|Win32
		{FB5CA263-4651-4F68-9AEE-A1EE800EE4D2}.Release|x86.Build.0 = Release|Win32
		{EE463CBE-7840-4A20-B1A8-262038E24859}.Debug|x64.ActiveCfg = Debug|x64
		{EE463CBE-7840-4A20-B1A8-262038E24859}.Debug|x64.Build.0 = Debug|x64
		{EE463CBE-7840-4A20-B1A8-262038E24859}.Debug|x86.ActiveCfg = Debug|Win32
		{EE463CBE-7840-4A20-B1A8-262038E24859}.Debug|x86.Build.0 = Debug|Win32
		{EE463CBE-7840-4A20-B1A8-262038E24859}.Release|x64.ActiveCfg = Release|x64
		{EE463CBE-7840-4A20-B1A8-262038E24859}.Release|x64.Build.0 = Release|x64
		{EE463CBE-7840-4A20-B1A8-262038E24859}.Release|x86.ActiveCfg = Release|Win32
		{EE463CBE-7840-4A20-B1A8-262038E24859}.Release|x86.Build.0 = Release|Win32
		{7FE8CCEB-9752-4602-86CC-8FAA36124520}.Debug|x64.ActiveCfg = Debug|x64
		{7FE8CCEB-9752-4602-86CC-8FAA36124520}.Debug|x64.Build.0 = Debug|x64
		{7FE8CCEB-9752-4602-86CC-8FAA36124520}.Debug|x86.ActiveCfg = Debug|Win32
		{7FE8CCEB-9752-4602-86CC-8FAA36124520}.Debug|x86.Build.0 = Debug|Win32
		{7FE8CCEB-9752-4602-86CC-8FAA36124520}.Release|x64.ActiveCfg = Release|x64
		{7FE8CCEB-9752-4602-86CC-8FAA36124520}.Release|x64.Build.0 = Release|x64
		{7FE8CCEB-9752-4602-86CC-8FAA36124520}.Release|x86.ActiveCfg = Release|Win32
		{7FE8CCEB-9752-4602-86CC-8FAA36124520}.Release|x86.Build.0 = Release|Win32
		{2B5DB64D-D00A-46E4-8C90-FD12A7CC7CDE}.Debug|x64.ActiveCfg = Debug|x64
		{2B5DB64D-D00A-46E4-8C90-FD12A7CC7CDE}.Debug|x64.Build.0 = Debug|x64
		{2B5DB64D-D00A-46E4-8C90-FD12A7CC7CDE}.Debug|x86.ActiveCfg = Debug|Win32
		{2B5DB64D-D00A-46E4-8C90-FD12A7CC7CDE}.Debug|x86.Build.0 = Debug|Win32
		{2B5DB64D-D00A-46E4-8C90-FD12A7CC7CDE}.Release|x64.ActiveCfg = Release|x64
		{2B5DB64D-D00A-46E4-8C90-FD12A7CC7CDE}.Release|x64.Build.0 = Release|x64
		{2B5DB64D-D00A-46E4-8C90-FD12A7CC7CDE}.Release|x86.ActiveCfg = Release|Win32
		{2B5DB64D-D00A-46E4-8C90-FD12A7CC7CDE}.Release|x86.Build.0 = Release|Win32
		{0D72C1A9-BAFE-4B10-8918-5AC7B196B5EE}.Debug|x64.ActiveCfg = Debug|x64
		{0D72C1A9-BAFE-4B10-8918-5AC7B196B5EE}.Debug|x64.Build.0 = Debug|x64
		{0D72C1A9-BAFE-4B10-8918-5AC7B196B5EE}.Debug|x86.ActiveCfg = Debug|Win32
		{0D72C1A9-BAFE-4B10-8918-5AC7B196B5EE}.Debug|x86.Build.0 = Debug|Win32
		{0D72C1A9-BAFE-4B10-8918-5AC7B196B5EE}.Release|x64.ActiveCfg = Release|x64
		{0D72C1A9-BAFE-4B10-8918-5AC7B196B5EE}.Release|x64.Build.0 = Release|x64
		{0D72C1A9-BAFE-4B10-8918-5AC7B196B5EE}.Release|x86.ActiveCfg = Release|Win32
		{0D72C1A9-BAFE-4B10-8918-5AC7B196B5EE}.Release|x86.Build.0 = Release|Win32
		{F13F1AB5-039F-43D3-AFDE-3B00904B906B}.Debug|x64.ActiveCfg = Debug|x64
		{F13F1AB5-039F-43D3-AFDE-3B00904B906B}.Debug|x64.Build.0 = Debug|x64
		{F13F1AB5-039F-43D3-AFDE-3B00904B906B}.Debug|x86.ActiveCfg = Debug|Win32
		{F13F1AB5-039F-43D3-AFDE-3B00904B906B}.Debug|x86.Build.0 = Debug|Win32
		{F13F1AB5-039F-43D3-AFDE-3B00904B906B}.Release|x64.ActiveCfg = Release|x64
		{F13F1AB5-039F-43D3-AFDE-3B00904B906B}.Release|x64.Build.0 = Release|x64
		{F13F1AB5-039F-43D3-AFDE-3B00904B906B}.Release|x86.ActiveCfg = Release|Win32
		{F13F1AB5-039F-43D3-AFDE-3B00904B906B}.Release|x86.Build.0 = Release|Win32
	EndGlobalSection
	GlobalSection(SolutionProperties) = preSolution
		HideSolutionNode = FALSE
	EndGlobalSection
	GlobalSection(ExtensibilityGlobals) = postSolution
		SolutionGuid = {24E0B6D8-CEFB-4ADA-A22A-C234698E91AF}
	EndGlobalSection
EndGlobal
