
Microsoft Visual Studio Solution File, Format Version 12.00
# Visual Studio Version 17
VisualStudioVersion = 17.6.33815.320
MinimumVisualStudioVersion = 10.0.40219.1
Project("{8BC9CEB8-8B4A-11D0-8D11-00A0C91BC942}") = "chapter13", "chapter13\chapter13.vcxproj", "{C31947C8-502B-4F09-90E4-4B88F6745662}"
EndProject
Project("{8BC9CEB8-8B4A-11D0-8D11-00A0C91BC942}") = "13-2", "13-2\13-2.vcxproj", "{8D36777E-4C41-48AB-B91F-49AACEBE77A4}"
EndProject
Project("{8BC9CEB8-8B4A-11D0-8D11-00A0C91BC942}") = "13-3", "13-3\13-3.vcxproj", "{C8FD661F-AD55-4E80-84DD-2C27BBC12182}"
EndProject
Project("{8BC9CEB8-8B4A-11D0-8D11-00A0C91BC942}") = "13-4", "13-4\13-4.vcxproj", "{A82A3132-9E42-4947-B0B0-A76B17F28380}"
EndProject
Project("{8BC9CEB8-8B4A-11D0-8D11-00A0C91BC942}") = "13-5", "13-5\13-5.vcxproj", "{4CBC9C92-681A-416E-B707-C19E1972F635}"
EndProject
Project("{8BC9CEB8-8B4A-11D0-8D11-00A0C91BC942}") = "13-6", "13-6\13-6.vcxproj", "{94857CDE-E33E-4998-9097-39FA66EA3269}"
EndProject
Project("{8BC9CEB8-8B4A-11D0-8D11-00A0C91BC942}") = "13-7", "13-7\13-7.vcxproj", "{A3F4348A-655F-4CD6-BC02-0C605EE97FBD}"
EndProject
Project("{8BC9CEB8-8B4A-11D0-8D11-00A0C91BC942}") = "13-8", "13-8\13-8.vcxproj", "{7487574B-AE8F-4A9F-8080-01AC7198AE47}"
EndProject
Global
	GlobalSection(SolutionConfigurationPlatforms) = preSolution
		Debug|x64 = Debug|x64
		Debug|x86 = Debug|x86
		Release|x64 = Release|x64
		Release|x86 = Release|x86
	EndGlobalSection
	GlobalSection(ProjectConfigurationPlatforms) = postSolution
		{C31947C8-502B-4F09-90E4-4B88F6745662}.Debug|x64.ActiveCfg = Debug|x64
		{C31947C8-502B-4F09-90E4-4B88F6745662}.Debug|x64.Build.0 = Debug|x64
		{C31947C8-502B-4F09-90E4-4B88F6745662}.Debug|x86.ActiveCfg = Debug|Win32
		{C31947C8-502B-4F09-90E4-4B88F6745662}.Debug|x86.Build.0 = Debug|Win32
		{C31947C8-502B-4F09-90E4-4B88F6745662}.Release|x64.ActiveCfg = Release|x64
		{C31947C8-502B-4F09-90E4-4B88F6745662}.Release|x64.Build.0 = Release|x64
		{C31947C8-502B-4F09-90E4-4B88F6745662}.Release|x86.ActiveCfg = Release|Win32
		{C31947C8-502B-4F09-90E4-4B88F6745662}.Release|x86.Build.0 = Release|Win32
		{8D36777E-4C41-48AB-B91F-49AACEBE77A4}.Debug|x64.ActiveCfg = Debug|x64
		{8D36777E-4C41-48AB-B91F-49AACEBE77A4}.Debug|x64.Build.0 = Debug|x64
		{8D36777E-4C41-48AB-B91F-49AACEBE77A4}.Debug|x86.ActiveCfg = Debug|Win32
		{8D36777E-4C41-48AB-B91F-49AACEBE77A4}.Debug|x86.Build.0 = Debug|Win32
		{8D36777E-4C41-48AB-B91F-49AACEBE77A4}.Release|x64.ActiveCfg = Release|x64
		{8D36777E-4C41-48AB-B91F-49AACEBE77A4}.Release|x64.Build.0 = Release|x64
		{8D36777E-4C41-48AB-B91F-49AACEBE77A4}.Release|x86.ActiveCfg = Release|Win32
		{8D36777E-4C41-48AB-B91F-49AACEBE77A4}.Release|x86.Build.0 = Release|Win32
		{C8FD661F-AD55-4E80-84DD-2C27BBC12182}.Debug|x64.ActiveCfg = Debug|x64
		{C8FD661F-AD55-4E80-84DD-2C27BBC12182}.Debug|x64.Build.0 = Debug|x64
		{C8FD661F-AD55-4E80-84DD-2C27BBC12182}.Debug|x86.ActiveCfg = Debug|Win32
		{C8FD661F-AD55-4E80-84DD-2C27BBC12182}.Debug|x86.Build.0 = Debug|Win32
		{C8FD661F-AD55-4E80-84DD-2C27BBC12182}.Release|x64.ActiveCfg = Release|x64
		{C8FD661F-AD55-4E80-84DD-2C27BBC12182}.Release|x64.Build.0 = Release|x64
		{C8FD661F-AD55-4E80-84DD-2C27BBC12182}.Release|x86.ActiveCfg = Release|Win32
		{C8FD661F-AD55-4E80-84DD-2C27BBC12182}.Release|x86.Build.0 = Release|Win32
		{A82A3132-9E42-4947-B0B0-A76B17F28380}.Debug|x64.ActiveCfg = Debug|x64
		{A82A3132-9E42-4947-B0B0-A76B17F28380}.Debug|x64.Build.0 = Debug|x64
		{A82A3132-9E42-4947-B0B0-A76B17F28380}.Debug|x86.ActiveCfg = Debug|Win32
		{A82A3132-9E42-4947-B0B0-A76B17F28380}.Debug|x86.Build.0 = Debug|Win32
		{A82A3132-9E42-4947-B0B0-A76B17F28380}.Release|x64.ActiveCfg = Release|x64
		{A82A3132-9E42-4947-B0B0-A76B17F28380}.Release|x64.Build.0 = Release|x64
		{A82A3132-9E42-4947-B0B0-A76B17F28380}.Release|x86.ActiveCfg = Release|Win32
		{A82A3132-9E42-4947-B0B0-A76B17F28380}.Release|x86.Build.0 = Release|Win32
		{4CBC9C92-681A-416E-B707-C19E1972F635}.Debug|x64.ActiveCfg = Debug|x64
		{4CBC9C92-681A-416E-B707-C19E1972F635}.Debug|x64.Build.0 = Debug|x64
		{4CBC9C92-681A-416E-B707-C19E1972F635}.Debug|x86.ActiveCfg = Debug|Win32
		{4CBC9C92-681A-416E-B707-C19E1972F635}.Debug|x86.Build.0 = Debug|Win32
		{4CBC9C92-681A-416E-B707-C19E1972F635}.Release|x64.ActiveCfg = Release|x64
		{4CBC9C92-681A-416E-B707-C19E1972F635}.Release|x64.Build.0 = Release|x64
		{4CBC9C92-681A-416E-B707-C19E1972F635}.Release|x86.ActiveCfg = Release|Win32
		{4CBC9C92-681A-416E-B707-C19E1972F635}.Release|x86.Build.0 = Release|Win32
		{94857CDE-E33E-4998-9097-39FA66EA3269}.Debug|x64.ActiveCfg = Debug|x64
		{94857CDE-E33E-4998-9097-39FA66EA3269}.Debug|x64.Build.0 = Debug|x64
		{94857CDE-E33E-4998-9097-39FA66EA3269}.Debug|x86.ActiveCfg = Debug|Win32
		{94857CDE-E33E-4998-9097-39FA66EA3269}.Debug|x86.Build.0 = Debug|Win32
		{94857CDE-E33E-4998-9097-39FA66EA3269}.Release|x64.ActiveCfg = Release|x64
		{94857CDE-E33E-4998-9097-39FA66EA3269}.Release|x64.Build.0 = Release|x64
		{94857CDE-E33E-4998-9097-39FA66EA3269}.Release|x86.ActiveCfg = Release|Win32
		{94857CDE-E33E-4998-9097-39FA66EA3269}.Release|x86.Build.0 = Release|Win32
		{A3F4348A-655F-4CD6-BC02-0C605EE97FBD}.Debug|x64.ActiveCfg = Debug|x64
		{A3F4348A-655F-4CD6-BC02-0C605EE97FBD}.Debug|x64.Build.0 = Debug|x64
		{A3F4348A-655F-4CD6-BC02-0C605EE97FBD}.Debug|x86.ActiveCfg = Debug|Win32
		{A3F4348A-655F-4CD6-BC02-0C605EE97FBD}.Debug|x86.Build.0 = Debug|Win32
		{A3F4348A-655F-4CD6-BC02-0C605EE97FBD}.Release|x64.ActiveCfg = Release|x64
		{A3F4348A-655F-4CD6-BC02-0C605EE97FBD}.Release|x64.Build.0 = Release|x64
		{A3F4348A-655F-4CD6-BC02-0C605EE97FBD}.Release|x86.ActiveCfg = Release|Win32
		{A3F4348A-655F-4CD6-BC02-0C605EE97FBD}.Release|x86.Build.0 = Release|Win32
		{7487574B-AE8F-4A9F-8080-01AC7198AE47}.Debug|x64.ActiveCfg = Debug|x64
		{7487574B-AE8F-4A9F-8080-01AC7198AE47}.Debug|x64.Build.0 = Debug|x64
		{7487574B-AE8F-4A9F-8080-01AC7198AE47}.Debug|x86.ActiveCfg = Debug|Win32
		{7487574B-AE8F-4A9F-8080-01AC7198AE47}.Debug|x86.Build.0 = Debug|Win32
		{7487574B-AE8F-4A9F-8080-01AC7198AE47}.Release|x64.ActiveCfg = Release|x64
		{7487574B-AE8F-4A9F-8080-01AC7198AE47}.Release|x64.Build.0 = Release|x64
		{7487574B-AE8F-4A9F-8080-01AC7198AE47}.Release|x86.ActiveCfg = Release|Win32
		{7487574B-AE8F-4A9F-8080-01AC7198AE47}.Release|x86.Build.0 = Release|Win32
	EndGlobalSection
	GlobalSection(SolutionProperties) = preSolution
		HideSolutionNode = FALSE
	EndGlobalSection
	GlobalSection(ExtensibilityGlobals) = postSolution
		SolutionGuid = {E84D28DE-5084-4F3F-B140-E3B459DDE621}
	EndGlobalSection
EndGlobal
