
Microsoft Visual Studio Solution File, Format Version 12.00
# Visual Studio Version 17
VisualStudioVersion = 17.6.33815.320
MinimumVisualStudioVersion = 10.0.40219.1
Project("{8BC9CEB8-8B4A-11D0-8D11-00A0C91BC942}") = "11-1", "11-1\11-1.vcxproj", "{9C328C6D-A4B1-4394-AA6F-D5274207D89C}"
EndProject
Project("{8BC9CEB8-8B4A-11D0-8D11-00A0C91BC942}") = "11-2", "11-2\11-2.vcxproj", "{DA8C88F4-BAB5-4FB1-A594-25F651A33C5A}"
EndProject
Project("{8BC9CEB8-8B4A-11D0-8D11-00A0C91BC942}") = "11-3", "11-3\11-3.vcxproj", "{DA79428E-A692-43B2-B0E1-E17D863E3E8B}"
EndProject
Project("{2150E333-8FDC-42A3-9474-1A3956D46DE8}") = "솔루션 항목", "솔루션 항목", "{D2BC6E8B-A6F9-4E35-A8AE-EA251BB342C2}"
	ProjectSection(SolutionItems) = preProject
		11-4.cpp = 11-4.cpp
	EndProjectSection
EndProject
Project("{8BC9CEB8-8B4A-11D0-8D11-00A0C91BC942}") = "11-4", "11-4\11-4.vcxproj", "{96D883E7-A524-44DC-BDBF-B4CC32FFAACA}"
EndProject
Project("{8BC9CEB8-8B4A-11D0-8D11-00A0C91BC942}") = "11-5", "11-5\11-5.vcxproj", "{F9FE4845-A090-4AA8-878F-8FD56D6E181E}"
EndProject
Project("{8BC9CEB8-8B4A-11D0-8D11-00A0C91BC942}") = "11-6", "11-6\11-6.vcxproj", "{77EABF4E-16CF-4882-8F69-7F867751ECB5}"
EndProject
Project("{8BC9CEB8-8B4A-11D0-8D11-00A0C91BC942}") = "11-7", "11-7\11-7.vcxproj", "{989E0EC5-BC41-46C2-82CB-FE8BDF3309F0}"
EndProject
Project("{8BC9CEB8-8B4A-11D0-8D11-00A0C91BC942}") = "11-8", "11-8\11-8.vcxproj", "{FF9669BB-3144-4CE0-AFAD-FBA1408276D3}"
EndProject
Project("{8BC9CEB8-8B4A-11D0-8D11-00A0C91BC942}") = "11-9", "11-9\11-9.vcxproj", "{5D72EFF1-D324-49A5-8DFA-24125FE52F1D}"
EndProject
Project("{8BC9CEB8-8B4A-11D0-8D11-00A0C91BC942}") = "11-10", "11-10\11-10.vcxproj", "{E58AA7A0-9D07-41F9-B8B1-AAA0B2648B69}"
EndProject
Project("{8BC9CEB8-8B4A-11D0-8D11-00A0C91BC942}") = "11-11", "11-11\11-11.vcxproj", "{4502EA5F-304A-453D-9F27-AAB4613ED8A2}"
EndProject
Project("{8BC9CEB8-8B4A-11D0-8D11-00A0C91BC942}") = "11-12", "11-12\11-12.vcxproj", "{6E35D42C-6D73-4A31-A012-7A7838BA3773}"
EndProject
Project("{8BC9CEB8-8B4A-11D0-8D11-00A0C91BC942}") = "11-13", "11-13\11-13.vcxproj", "{88885FC7-88E7-465F-B7DF-8020BC38EFD7}"
EndProject
Global
	GlobalSection(SolutionConfigurationPlatforms) = preSolution
		Debug|x64 = Debug|x64
		Debug|x86 = Debug|x86
		Release|x64 = Release|x64
		Release|x86 = Release|x86
	EndGlobalSection
	GlobalSection(ProjectConfigurationPlatforms) = postSolution
		{9C328C6D-A4B1-4394-AA6F-D5274207D89C}.Debug|x64.ActiveCfg = Debug|x64
		{9C328C6D-A4B1-4394-AA6F-D5274207D89C}.Debug|x64.Build.0 = Debug|x64
		{9C328C6D-A4B1-4394-AA6F-D5274207D89C}.Debug|x86.ActiveCfg = Debug|Win32
		{9C328C6D-A4B1-4394-AA6F-D5274207D89C}.Debug|x86.Build.0 = Debug|Win32
		{9C328C6D-A4B1-4394-AA6F-D5274207D89C}.Release|x64.ActiveCfg = Release|x64
		{9C328C6D-A4B1-4394-AA6F-D5274207D89C}.Release|x64.Build.0 = Release|x64
		{9C328C6D-A4B1-4394-AA6F-D5274207D89C}.Release|x86.ActiveCfg = Release|Win32
		{9C328C6D-A4B1-4394-AA6F-D5274207D89C}.Release|x86.Build.0 = Release|Win32
		{DA8C88F4-BAB5-4FB1-A594-25F651A33C5A}.Debug|x64.ActiveCfg = Debug|x64
		{DA8C88F4-BAB5-4FB1-A594-25F651A33C5A}.Debug|x64.Build.0 = Debug|x64
		{DA8C88F4-BAB5-4FB1-A594-25F651A33C5A}.Debug|x86.ActiveCfg = Debug|Win32
		{DA8C88F4-BAB5-4FB1-A594-25F651A33C5A}.Debug|x86.Build.0 = Debug|Win32
		{DA8C88F4-BAB5-4FB1-A594-25F651A33C5A}.Release|x64.ActiveCfg = Release|x64
		{DA8C88F4-BAB5-4FB1-A594-25F651A33C5A}.Release|x64.Build.0 = Release|x64
		{DA8C88F4-BAB5-4FB1-A594-25F651A33C5A}.Release|x86.ActiveCfg = Release|Win32
		{DA8C88F4-BAB5-4FB1-A594-25F651A33C5A}.Release|x86.Build.0 = Release|Win32
		{DA79428E-A692-43B2-B0E1-E17D863E3E8B}.Debug|x64.ActiveCfg = Debug|x64
		{DA79428E-A692-43B2-B0E1-E17D863E3E8B}.Debug|x64.Build.0 = Debug|x64
		{DA79428E-A692-43B2-B0E1-E17D863E3E8B}.Debug|x86.ActiveCfg = Debug|Win32
		{DA79428E-A692-43B2-B0E1-E17D863E3E8B}.Debug|x86.Build.0 = Debug|Win32
		{DA79428E-A692-43B2-B0E1-E17D863E3E8B}.Release|x64.ActiveCfg = Release|x64
		{DA79428E-A692-43B2-B0E1-E17D863E3E8B}.Release|x64.Build.0 = Release|x64
		{DA79428E-A692-43B2-B0E1-E17D863E3E8B}.Release|x86.ActiveCfg = Release|Win32
		{DA79428E-A692-43B2-B0E1-E17D863E3E8B}.Release|x86.Build.0 = Release|Win32
		{96D883E7-A524-44DC-BDBF-B4CC32FFAACA}.Debug|x64.ActiveCfg = Debug|x64
		{96D883E7-A524-44DC-BDBF-B4CC32FFAACA}.Debug|x64.Build.0 = Debug|x64
		{96D883E7-A524-44DC-BDBF-B4CC32FFAACA}.Debug|x86.ActiveCfg = Debug|Win32
		{96D883E7-A524-44DC-BDBF-B4CC32FFAACA}.Debug|x86.Build.0 = Debug|Win32
		{96D883E7-A524-44DC-BDBF-B4CC32FFAACA}.Release|x64.ActiveCfg = Release|x64
		{96D883E7-A524-44DC-BDBF-B4CC32FFAACA}.Release|x64.Build.0 = Release|x64
		{96D883E7-A524-44DC-BDBF-B4CC32FFAACA}.Release|x86.ActiveCfg = Release|Win32
		{96D883E7-A524-44DC-BDBF-B4CC32FFAACA}.Release|x86.Build.0 = Release|Win32
		{F9FE4845-A090-4AA8-878F-8FD56D6E181E}.Debug|x64.ActiveCfg = Debug|x64
		{F9FE4845-A090-4AA8-878F-8FD56D6E181E}.Debug|x64.Build.0 = Debug|x64
		{F9FE4845-A090-4AA8-878F-8FD56D6E181E}.Debug|x86.ActiveCfg = Debug|Win32
		{F9FE4845-A090-4AA8-878F-8FD56D6E181E}.Debug|x86.Build.0 = Debug|Win32
		{F9FE4845-A090-4AA8-878F-8FD56D6E181E}.Release|x64.ActiveCfg = Release|x64
		{F9FE4845-A090-4AA8-878F-8FD56D6E181E}.Release|x64.Build.0 = Release|x64
		{F9FE4845-A090-4AA8-878F-8FD56D6E181E}.Release|x86.ActiveCfg = Release|Win32
		{F9FE4845-A090-4AA8-878F-8FD56D6E181E}.Release|x86.Build.0 = Release|Win32
		{77EABF4E-16CF-4882-8F69-7F867751ECB5}.Debug|x64.ActiveCfg = Debug|x64
		{77EABF4E-16CF-4882-8F69-7F867751ECB5}.Debug|x64.Build.0 = Debug|x64
		{77EABF4E-16CF-4882-8F69-7F867751ECB5}.Debug|x86.ActiveCfg = Debug|Win32
		{77EABF4E-16CF-4882-8F69-7F867751ECB5}.Debug|x86.Build.0 = Debug|Win32
		{77EABF4E-16CF-4882-8F69-7F867751ECB5}.Release|x64.ActiveCfg = Release|x64
		{77EABF4E-16CF-4882-8F69-7F867751ECB5}.Release|x64.Build.0 = Release|x64
		{77EABF4E-16CF-4882-8F69-7F867751ECB5}.Release|x86.ActiveCfg = Release|Win32
		{77EABF4E-16CF-4882-8F69-7F867751ECB5}.Release|x86.Build.0 = Release|Win32
		{989E0EC5-BC41-46C2-82CB-FE8BDF3309F0}.Debug|x64.ActiveCfg = Debug|x64
		{989E0EC5-BC41-46C2-82CB-FE8BDF3309F0}.Debug|x64.Build.0 = Debug|x64
		{989E0EC5-BC41-46C2-82CB-FE8BDF3309F0}.Debug|x86.ActiveCfg = Debug|Win32
		{989E0EC5-BC41-46C2-82CB-FE8BDF3309F0}.Debug|x86.Build.0 = Debug|Win32
		{989E0EC5-BC41-46C2-82CB-FE8BDF3309F0}.Release|x64.ActiveCfg = Release|x64
		{989E0EC5-BC41-46C2-82CB-FE8BDF3309F0}.Release|x64.Build.0 = Release|x64
		{989E0EC5-BC41-46C2-82CB-FE8BDF3309F0}.Release|x86.ActiveCfg = Release|Win32
		{989E0EC5-BC41-46C2-82CB-FE8BDF3309F0}.Release|x86.Build.0 = Release|Win32
		{FF9669BB-3144-4CE0-AFAD-FBA1408276D3}.Debug|x64.ActiveCfg = Debug|x64
		{FF9669BB-3144-4CE0-AFAD-FBA1408276D3}.Debug|x64.Build.0 = Debug|x64
		{FF9669BB-3144-4CE0-AFAD-FBA1408276D3}.Debug|x86.ActiveCfg = Debug|Win32
		{FF9669BB-3144-4CE0-AFAD-FBA1408276D3}.Debug|x86.Build.0 = Debug|Win32
		{FF9669BB-3144-4CE0-AFAD-FBA1408276D3}.Release|x64.ActiveCfg = Release|x64
		{FF9669BB-3144-4CE0-AFAD-FBA1408276D3}.Release|x64.Build.0 = Release|x64
		{FF9669BB-3144-4CE0-AFAD-FBA1408276D3}.Release|x86.ActiveCfg = Release|Win32
		{FF9669BB-3144-4CE0-AFAD-FBA1408276D3}.Release|x86.Build.0 = Release|Win32
		{5D72EFF1-D324-49A5-8DFA-24125FE52F1D}.Debug|x64.ActiveCfg = Debug|x64
		{5D72EFF1-D324-49A5-8DFA-24125FE52F1D}.Debug|x64.Build.0 = Debug|x64
		{5D72EFF1-D324-49A5-8DFA-24125FE52F1D}.Debug|x86.ActiveCfg = Debug|Win32
		{5D72EFF1-D324-49A5-8DFA-24125FE52F1D}.Debug|x86.Build.0 = Debug|Win32
		{5D72EFF1-D324-49A5-8DFA-24125FE52F1D}.Release|x64.ActiveCfg = Release|x64
		{5D72EFF1-D324-49A5-8DFA-24125FE52F1D}.Release|x64.Build.0 = Release|x64
		{5D72EFF1-D324-49A5-8DFA-24125FE52F1D}.Release|x86.ActiveCfg = Release|Win32
		{5D72EFF1-D324-49A5-8DFA-24125FE52F1D}.Release|x86.Build.0 = Release|Win32
		{E58AA7A0-9D07-41F9-B8B1-AAA0B2648B69}.Debug|x64.ActiveCfg = Debug|x64
		{E58AA7A0-9D07-41F9-B8B1-AAA0B2648B69}.Debug|x64.Build.0 = Debug|x64
		{E58AA7A0-9D07-41F9-B8B1-AAA0B2648B69}.Debug|x86.ActiveCfg = Debug|Win32
		{E58AA7A0-9D07-41F9-B8B1-AAA0B2648B69}.Debug|x86.Build.0 = Debug|Win32
		{E58AA7A0-9D07-41F9-B8B1-AAA0B2648B69}.Release|x64.ActiveCfg = Release|x64
		{E58AA7A0-9D07-41F9-B8B1-AAA0B2648B69}.Release|x64.Build.0 = Release|x64
		{E58AA7A0-9D07-41F9-B8B1-AAA0B2648B69}.Release|x86.ActiveCfg = Release|Win32
		{E58AA7A0-9D07-41F9-B8B1-AAA0B2648B69}.Release|x86.Build.0 = Release|Win32
		{4502EA5F-304A-453D-9F27-AAB4613ED8A2}.Debug|x64.ActiveCfg = Debug|x64
		{4502EA5F-304A-453D-9F27-AAB4613ED8A2}.Debug|x64.Build.0 = Debug|x64
		{4502EA5F-304A-453D-9F27-AAB4613ED8A2}.Debug|x86.ActiveCfg = Debug|Win32
		{4502EA5F-304A-453D-9F27-AAB4613ED8A2}.Debug|x86.Build.0 = Debug|Win32
		{4502EA5F-304A-453D-9F27-AAB4613ED8A2}.Release|x64.ActiveCfg = Release|x64
		{4502EA5F-304A-453D-9F27-AAB4613ED8A2}.Release|x64.Build.0 = Release|x64
		{4502EA5F-304A-453D-9F27-AAB4613ED8A2}.Release|x86.ActiveCfg = Release|Win32
		{4502EA5F-304A-453D-9F27-AAB4613ED8A2}.Release|x86.Build.0 = Release|Win32
		{6E35D42C-6D73-4A31-A012-7A7838BA3773}.Debug|x64.ActiveCfg = Debug|x64
		{6E35D42C-6D73-4A31-A012-7A7838BA3773}.Debug|x64.Build.0 = Debug|x64
		{6E35D42C-6D73-4A31-A012-7A7838BA3773}.Debug|x86.ActiveCfg = Debug|Win32
		{6E35D42C-6D73-4A31-A012-7A7838BA3773}.Debug|x86.Build.0 = Debug|Win32
		{6E35D42C-6D73-4A31-A012-7A7838BA3773}.Release|x64.ActiveCfg = Release|x64
		{6E35D42C-6D73-4A31-A012-7A7838BA3773}.Release|x64.Build.0 = Release|x64
		{6E35D42C-6D73-4A31-A012-7A7838BA3773}.Release|x86.ActiveCfg = Release|Win32
		{6E35D42C-6D73-4A31-A012-7A7838BA3773}.Release|x86.Build.0 = Release|Win32
		{88885FC7-88E7-465F-B7DF-8020BC38EFD7}.Debug|x64.ActiveCfg = Debug|x64
		{88885FC7-88E7-465F-B7DF-8020BC38EFD7}.Debug|x64.Build.0 = Debug|x64
		{88885FC7-88E7-465F-B7DF-8020BC38EFD7}.Debug|x86.ActiveCfg = Debug|Win32
		{88885FC7-88E7-465F-B7DF-8020BC38EFD7}.Debug|x86.Build.0 = Debug|Win32
		{88885FC7-88E7-465F-B7DF-8020BC38EFD7}.Release|x64.ActiveCfg = Release|x64
		{88885FC7-88E7-465F-B7DF-8020BC38EFD7}.Release|x64.Build.0 = Release|x64
		{88885FC7-88E7-465F-B7DF-8020BC38EFD7}.Release|x86.ActiveCfg = Release|Win32
		{88885FC7-88E7-465F-B7DF-8020BC38EFD7}.Release|x86.Build.0 = Release|Win32
	EndGlobalSection
	GlobalSection(SolutionProperties) = preSolution
		HideSolutionNode = FALSE
	EndGlobalSection
	GlobalSection(ExtensibilityGlobals) = postSolution
		SolutionGuid = {0BB1D991-20B7-45D3-AE33-F88F722F5028}
	EndGlobalSection
EndGlobal
