
Microsoft Visual Studio Solution File, Format Version 12.00
# Visual Studio Version 17
VisualStudioVersion = 17.5.33516.290
MinimumVisualStudioVersion = 10.0.40219.1
Project("{8BC9CEB8-8B4A-11D0-8D11-00A0C91BC942}") = "mini-1", "mini-1\mini-1.vcxproj", "{70D47A0F-E6E0-44DA-B3F4-D898F9E1AA40}"
EndProject
Project("{8BC9CEB8-8B4A-11D0-8D11-00A0C91BC942}") = "mini-2", "mini-2\mini-2.vcxproj", "{3EF5D678-31F9-426F-92DB-562B48FB03DC}"
EndProject
Project("{8BC9CEB8-8B4A-11D0-8D11-00A0C91BC942}") = "5-2", "5-2\5-2.vcxproj", "{739CC718-7DDB-48DD-9EF1-4E50E967956B}"
EndProject
Project("{8BC9CEB8-8B4A-11D0-8D11-00A0C91BC942}") = "5-3", "5-3\5-3.vcxproj", "{C79A74EB-95E3-4C92-8A2F-D8B8E47C6EB2}"
EndProject
Project("{8BC9CEB8-8B4A-11D0-8D11-00A0C91BC942}") = "5-4", "5-4\5-4.vcxproj", "{D076C006-1118-4A3A-91F6-990355F7DF1A}"
EndProject
Project("{8BC9CEB8-8B4A-11D0-8D11-00A0C91BC942}") = "5-5", "5-5\5-5.vcxproj", "{93135EBE-16FB-4FFF-B31D-625D1DA16F10}"
EndProject
Project("{8BC9CEB8-8B4A-11D0-8D11-00A0C91BC942}") = "5-6", "5-6\5-6.vcxproj", "{663FF9C7-56C7-4033-8CBE-39504639C9A4}"
EndProject
Project("{8BC9CEB8-8B4A-11D0-8D11-00A0C91BC942}") = "5-7", "5-7\5-7.vcxproj", "{E4A34437-F089-47A5-8A36-758530E79E2A}"
EndProject
Project("{8BC9CEB8-8B4A-11D0-8D11-00A0C91BC942}") = "5-8", "5-8\5-8.vcxproj", "{8296B5E3-4EEA-4D7D-A72C-DAF0C7EB2AA7}"
EndProject
Project("{8BC9CEB8-8B4A-11D0-8D11-00A0C91BC942}") = "5-9", "5-9\5-9.vcxproj", "{1CE2B555-6E75-43F6-B268-856F14E72BE8}"
EndProject
Project("{8BC9CEB8-8B4A-11D0-8D11-00A0C91BC942}") = "5-10", "5-10\5-10.vcxproj", "{47EF49B7-C1C8-4CD9-90AB-0DF8DC581054}"
EndProject
Project("{8BC9CEB8-8B4A-11D0-8D11-00A0C91BC942}") = "5-11", "5-11\5-11.vcxproj", "{167305B1-B86C-43E6-849F-9E7F10AB3BAF}"
EndProject
Project("{8BC9CEB8-8B4A-11D0-8D11-00A0C91BC942}") = "5-12", "5-12\5-12.vcxproj", "{1CBAB315-57BB-41BC-BA9E-234BC8E8D0C2}"
EndProject
Global
	GlobalSection(SolutionConfigurationPlatforms) = preSolution
		Debug|x64 = Debug|x64
		Debug|x86 = Debug|x86
		Release|x64 = Release|x64
		Release|x86 = Release|x86
	EndGlobalSection
	GlobalSection(ProjectConfigurationPlatforms) = postSolution
		{70D47A0F-E6E0-44DA-B3F4-D898F9E1AA40}.Debug|x64.ActiveCfg = Debug|x64
		{70D47A0F-E6E0-44DA-B3F4-D898F9E1AA40}.Debug|x64.Build.0 = Debug|x64
		{70D47A0F-E6E0-44DA-B3F4-D898F9E1AA40}.Debug|x86.ActiveCfg = Debug|Win32
		{70D47A0F-E6E0-44DA-B3F4-D898F9E1AA40}.Debug|x86.Build.0 = Debug|Win32
		{70D47A0F-E6E0-44DA-B3F4-D898F9E1AA40}.Release|x64.ActiveCfg = Release|x64
		{70D47A0F-E6E0-44DA-B3F4-D898F9E1AA40}.Release|x64.Build.0 = Release|x64
		{70D47A0F-E6E0-44DA-B3F4-D898F9E1AA40}.Release|x86.ActiveCfg = Release|Win32
		{70D47A0F-E6E0-44DA-B3F4-D898F9E1AA40}.Release|x86.Build.0 = Release|Win32
		{3EF5D678-31F9-426F-92DB-562B48FB03DC}.Debug|x64.ActiveCfg = Debug|x64
		{3EF5D678-31F9-426F-92DB-562B48FB03DC}.Debug|x64.Build.0 = Debug|x64
		{3EF5D678-31F9-426F-92DB-562B48FB03DC}.Debug|x86.ActiveCfg = Debug|Win32
		{3EF5D678-31F9-426F-92DB-562B48FB03DC}.Debug|x86.Build.0 = Debug|Win32
		{3EF5D678-31F9-426F-92DB-562B48FB03DC}.Release|x64.ActiveCfg = Release|x64
		{3EF5D678-31F9-426F-92DB-562B48FB03DC}.Release|x64.Build.0 = Release|x64
		{3EF5D678-31F9-426F-92DB-562B48FB03DC}.Release|x86.ActiveCfg = Release|Win32
		{3EF5D678-31F9-426F-92DB-562B48FB03DC}.Release|x86.Build.0 = Release|Win32
		{739CC718-7DDB-48DD-9EF1-4E50E967956B}.Debug|x64.ActiveCfg = Debug|x64
		{739CC718-7DDB-48DD-9EF1-4E50E967956B}.Debug|x64.Build.0 = Debug|x64
		{739CC718-7DDB-48DD-9EF1-4E50E967956B}.Debug|x86.ActiveCfg = Debug|Win32
		{739CC718-7DDB-48DD-9EF1-4E50E967956B}.Debug|x86.Build.0 = Debug|Win32
		{739CC718-7DDB-48DD-9EF1-4E50E967956B}.Release|x64.ActiveCfg = Release|x64
		{739CC718-7DDB-48DD-9EF1-4E50E967956B}.Release|x64.Build.0 = Release|x64
		{739CC718-7DDB-48DD-9EF1-4E50E967956B}.Release|x86.ActiveCfg = Release|Win32
		{739CC718-7DDB-48DD-9EF1-4E50E967956B}.Release|x86.Build.0 = Release|Win32
		{C79A74EB-95E3-4C92-8A2F-D8B8E47C6EB2}.Debug|x64.ActiveCfg = Debug|x64
		{C79A74EB-95E3-4C92-8A2F-D8B8E47C6EB2}.Debug|x64.Build.0 = Debug|x64
		{C79A74EB-95E3-4C92-8A2F-D8B8E47C6EB2}.Debug|x86.ActiveCfg = Debug|Win32
		{C79A74EB-95E3-4C92-8A2F-D8B8E47C6EB2}.Debug|x86.Build.0 = Debug|Win32
		{C79A74EB-95E3-4C92-8A2F-D8B8E47C6EB2}.Release|x64.ActiveCfg = Release|x64
		{C79A74EB-95E3-4C92-8A2F-D8B8E47C6EB2}.Release|x64.Build.0 = Release|x64
		{C79A74EB-95E3-4C92-8A2F-D8B8E47C6EB2}.Release|x86.ActiveCfg = Release|Win32
		{C79A74EB-95E3-4C92-8A2F-D8B8E47C6EB2}.Release|x86.Build.0 = Release|Win32
		{D076C006-1118-4A3A-91F6-990355F7DF1A}.Debug|x64.ActiveCfg = Debug|x64
		{D076C006-1118-4A3A-91F6-990355F7DF1A}.Debug|x64.Build.0 = Debug|x64
		{D076C006-1118-4A3A-91F6-990355F7DF1A}.Debug|x86.ActiveCfg = Debug|Win32
		{D076C006-1118-4A3A-91F6-990355F7DF1A}.Debug|x86.Build.0 = Debug|Win32
		{D076C006-1118-4A3A-91F6-990355F7DF1A}.Release|x64.ActiveCfg = Release|x64
		{D076C006-1118-4A3A-91F6-990355F7DF1A}.Release|x64.Build.0 = Release|x64
		{D076C006-1118-4A3A-91F6-990355F7DF1A}.Release|x86.ActiveCfg = Release|Win32
		{D076C006-1118-4A3A-91F6-990355F7DF1A}.Release|x86.Build.0 = Release|Win32
		{93135EBE-16FB-4FFF-B31D-625D1DA16F10}.Debug|x64.ActiveCfg = Debug|x64
		{93135EBE-16FB-4FFF-B31D-625D1DA16F10}.Debug|x64.Build.0 = Debug|x64
		{93135EBE-16FB-4FFF-B31D-625D1DA16F10}.Debug|x86.ActiveCfg = Debug|Win32
		{93135EBE-16FB-4FFF-B31D-625D1DA16F10}.Debug|x86.Build.0 = Debug|Win32
		{93135EBE-16FB-4FFF-B31D-625D1DA16F10}.Release|x64.ActiveCfg = Release|x64
		{93135EBE-16FB-4FFF-B31D-625D1DA16F10}.Release|x64.Build.0 = Release|x64
		{93135EBE-16FB-4FFF-B31D-625D1DA16F10}.Release|x86.ActiveCfg = Release|Win32
		{93135EBE-16FB-4FFF-B31D-625D1DA16F10}.Release|x86.Build.0 = Release|Win32
		{663FF9C7-56C7-4033-8CBE-39504639C9A4}.Debug|x64.ActiveCfg = Debug|x64
		{663FF9C7-56C7-4033-8CBE-39504639C9A4}.Debug|x64.Build.0 = Debug|x64
		{663FF9C7-56C7-4033-8CBE-39504639C9A4}.Debug|x86.ActiveCfg = Debug|Win32
		{663FF9C7-56C7-4033-8CBE-39504639C9A4}.Debug|x86.Build.0 = Debug|Win32
		{663FF9C7-56C7-4033-8CBE-39504639C9A4}.Release|x64.ActiveCfg = Release|x64
		{663FF9C7-56C7-4033-8CBE-39504639C9A4}.Release|x64.Build.0 = Release|x64
		{663FF9C7-56C7-4033-8CBE-39504639C9A4}.Release|x86.ActiveCfg = Release|Win32
		{663FF9C7-56C7-4033-8CBE-39504639C9A4}.Release|x86.Build.0 = Release|Win32
		{E4A34437-F089-47A5-8A36-758530E79E2A}.Debug|x64.ActiveCfg = Debug|x64
		{E4A34437-F089-47A5-8A36-758530E79E2A}.Debug|x64.Build.0 = Debug|x64
		{E4A34437-F089-47A5-8A36-758530E79E2A}.Debug|x86.ActiveCfg = Debug|Win32
		{E4A34437-F089-47A5-8A36-758530E79E2A}.Debug|x86.Build.0 = Debug|Win32
		{E4A34437-F089-47A5-8A36-758530E79E2A}.Release|x64.ActiveCfg = Release|x64
		{E4A34437-F089-47A5-8A36-758530E79E2A}.Release|x64.Build.0 = Release|x64
		{E4A34437-F089-47A5-8A36-758530E79E2A}.Release|x86.ActiveCfg = Release|Win32
		{E4A34437-F089-47A5-8A36-758530E79E2A}.Release|x86.Build.0 = Release|Win32
		{8296B5E3-4EEA-4D7D-A72C-DAF0C7EB2AA7}.Debug|x64.ActiveCfg = Debug|x64
		{8296B5E3-4EEA-4D7D-A72C-DAF0C7EB2AA7}.Debug|x64.Build.0 = Debug|x64
		{8296B5E3-4EEA-4D7D-A72C-DAF0C7EB2AA7}.Debug|x86.ActiveCfg = Debug|Win32
		{8296B5E3-4EEA-4D7D-A72C-DAF0C7EB2AA7}.Debug|x86.Build.0 = Debug|Win32
		{8296B5E3-4EEA-4D7D-A72C-DAF0C7EB2AA7}.Release|x64.ActiveCfg = Release|x64
		{8296B5E3-4EEA-4D7D-A72C-DAF0C7EB2AA7}.Release|x64.Build.0 = Release|x64
		{8296B5E3-4EEA-4D7D-A72C-DAF0C7EB2AA7}.Release|x86.ActiveCfg = Release|Win32
		{8296B5E3-4EEA-4D7D-A72C-DAF0C7EB2AA7}.Release|x86.Build.0 = Release|Win32
		{1CE2B555-6E75-43F6-B268-856F14E72BE8}.Debug|x64.ActiveCfg = Debug|x64
		{1CE2B555-6E75-43F6-B268-856F14E72BE8}.Debug|x64.Build.0 = Debug|x64
		{1CE2B555-6E75-43F6-B268-856F14E72BE8}.Debug|x86.ActiveCfg = Debug|Win32
		{1CE2B555-6E75-43F6-B268-856F14E72BE8}.Debug|x86.Build.0 = Debug|Win32
		{1CE2B555-6E75-43F6-B268-856F14E72BE8}.Release|x64.ActiveCfg = Release|x64
		{1CE2B555-6E75-43F6-B268-856F14E72BE8}.Release|x64.Build.0 = Release|x64
		{1CE2B555-6E75-43F6-B268-856F14E72BE8}.Release|x86.ActiveCfg = Release|Win32
		{1CE2B555-6E75-43F6-B268-856F14E72BE8}.Release|x86.Build.0 = Release|Win32
		{47EF49B7-C1C8-4CD9-90AB-0DF8DC581054}.Debug|x64.ActiveCfg = Debug|x64
		{47EF49B7-C1C8-4CD9-90AB-0DF8DC581054}.Debug|x64.Build.0 = Debug|x64
		{47EF49B7-C1C8-4CD9-90AB-0DF8DC581054}.Debug|x86.ActiveCfg = Debug|Win32
		{47EF49B7-C1C8-4CD9-90AB-0DF8DC581054}.Debug|x86.Build.0 = Debug|Win32
		{47EF49B7-C1C8-4CD9-90AB-0DF8DC581054}.Release|x64.ActiveCfg = Release|x64
		{47EF49B7-C1C8-4CD9-90AB-0DF8DC581054}.Release|x64.Build.0 = Release|x64
		{47EF49B7-C1C8-4CD9-90AB-0DF8DC581054}.Release|x86.ActiveCfg = Release|Win32
		{47EF49B7-C1C8-4CD9-90AB-0DF8DC581054}.Release|x86.Build.0 = Release|Win32
		{167305B1-B86C-43E6-849F-9E7F10AB3BAF}.Debug|x64.ActiveCfg = Debug|x64
		{167305B1-B86C-43E6-849F-9E7F10AB3BAF}.Debug|x64.Build.0 = Debug|x64
		{167305B1-B86C-43E6-849F-9E7F10AB3BAF}.Debug|x86.ActiveCfg = Debug|Win32
		{167305B1-B86C-43E6-849F-9E7F10AB3BAF}.Debug|x86.Build.0 = Debug|Win32
		{167305B1-B86C-43E6-849F-9E7F10AB3BAF}.Release|x64.ActiveCfg = Release|x64
		{167305B1-B86C-43E6-849F-9E7F10AB3BAF}.Release|x64.Build.0 = Release|x64
		{167305B1-B86C-43E6-849F-9E7F10AB3BAF}.Release|x86.ActiveCfg = Release|Win32
		{167305B1-B86C-43E6-849F-9E7F10AB3BAF}.Release|x86.Build.0 = Release|Win32
		{1CBAB315-57BB-41BC-BA9E-234BC8E8D0C2}.Debug|x64.ActiveCfg = Debug|x64
		{1CBAB315-57BB-41BC-BA9E-234BC8E8D0C2}.Debug|x64.Build.0 = Debug|x64
		{1CBAB315-57BB-41BC-BA9E-234BC8E8D0C2}.Debug|x86.ActiveCfg = Debug|Win32
		{1CBAB315-57BB-41BC-BA9E-234BC8E8D0C2}.Debug|x86.Build.0 = Debug|Win32
		{1CBAB315-57BB-41BC-BA9E-234BC8E8D0C2}.Release|x64.ActiveCfg = Release|x64
		{1CBAB315-57BB-41BC-BA9E-234BC8E8D0C2}.Release|x64.Build.0 = Release|x64
		{1CBAB315-57BB-41BC-BA9E-234BC8E8D0C2}.Release|x86.ActiveCfg = Release|Win32
		{1CBAB315-57BB-41BC-BA9E-234BC8E8D0C2}.Release|x86.Build.0 = Release|Win32
	EndGlobalSection
	GlobalSection(SolutionProperties) = preSolution
		HideSolutionNode = FALSE
	EndGlobalSection
	GlobalSection(ExtensibilityGlobals) = postSolution
		SolutionGuid = {D1C22430-D956-4C46-B050-C01C74193733}
	EndGlobalSection
EndGlobal
