
Microsoft Visual Studio Solution File, Format Version 12.00
# Visual Studio Version 17
VisualStudioVersion = 17.4.33213.308
MinimumVisualStudioVersion = 10.0.40219.1
Project("{8BC9CEB8-8B4A-11D0-8D11-00A0C91BC942}") = "9-1", "9-1\9-1.vcxproj", "{5288DF11-7B25-480A-AB2E-FDC3F400E002}"
EndProject
Project("{8BC9CEB8-8B4A-11D0-8D11-00A0C91BC942}") = "9-2", "9-2\9-2.vcxproj", "{BC723E7E-F279-4EE2-B2DF-6B16A3546A90}"
EndProject
Project("{8BC9CEB8-8B4A-11D0-8D11-00A0C91BC942}") = "433.page", "433.page\433.page.vcxproj", "{F1535142-E031-40D3-BD23-041F7551B305}"
EndProject
Project("{8BC9CEB8-8B4A-11D0-8D11-00A0C91BC942}") = "435.page", "435.page\435.page.vcxproj", "{73F726C9-FE3F-4B9F-93EF-3A5D079D14E3}"
EndProject
Project("{8BC9CEB8-8B4A-11D0-8D11-00A0C91BC942}") = "435-2.cpp", "435-2.cpp\435-2.cpp.vcxproj", "{0547CB16-A9DB-4262-9242-72FF2271756F}"
EndProject
Project("{8BC9CEB8-8B4A-11D0-8D11-00A0C91BC942}") = "9-3", "9-3\9-3.vcxproj", "{DDE5BFB6-53F1-4157-90B0-087E89509816}"
EndProject
Project("{8BC9CEB8-8B4A-11D0-8D11-00A0C91BC942}") = "9-4", "9-4\9-4.vcxproj", "{0FFFD4D4-D39F-4206-A874-72AB88CEB05F}"
EndProject
Project("{8BC9CEB8-8B4A-11D0-8D11-00A0C91BC942}") = "442_tip", "442_tip\442_tip.vcxproj", "{E13DA315-E01E-4DD7-BC78-42D6914B3711}"
EndProject
Project("{8BC9CEB8-8B4A-11D0-8D11-00A0C91BC942}") = "9-5", "9-5\9-5.vcxproj", "{B7E28727-DB31-4D38-A3B0-617487C12895}"
EndProject
Global
	GlobalSection(SolutionConfigurationPlatforms) = preSolution
		Debug|x64 = Debug|x64
		Debug|x86 = Debug|x86
		Release|x64 = Release|x64
		Release|x86 = Release|x86
	EndGlobalSection
	GlobalSection(ProjectConfigurationPlatforms) = postSolution
		{5288DF11-7B25-480A-AB2E-FDC3F400E002}.Debug|x64.ActiveCfg = Debug|x64
		{5288DF11-7B25-480A-AB2E-FDC3F400E002}.Debug|x64.Build.0 = Debug|x64
		{5288DF11-7B25-480A-AB2E-FDC3F400E002}.Debug|x86.ActiveCfg = Debug|Win32
		{5288DF11-7B25-480A-AB2E-FDC3F400E002}.Debug|x86.Build.0 = Debug|Win32
		{5288DF11-7B25-480A-AB2E-FDC3F400E002}.Release|x64.ActiveCfg = Release|x64
		{5288DF11-7B25-480A-AB2E-FDC3F400E002}.Release|x64.Build.0 = Release|x64
		{5288DF11-7B25-480A-AB2E-FDC3F400E002}.Release|x86.ActiveCfg = Release|Win32
		{5288DF11-7B25-480A-AB2E-FDC3F400E002}.Release|x86.Build.0 = Release|Win32
		{BC723E7E-F279-4EE2-B2DF-6B16A3546A90}.Debug|x64.ActiveCfg = Debug|x64
		{BC723E7E-F279-4EE2-B2DF-6B16A3546A90}.Debug|x64.Build.0 = Debug|x64
		{BC723E7E-F279-4EE2-B2DF-6B16A3546A90}.Debug|x86.ActiveCfg = Debug|Win32
		{BC723E7E-F279-4EE2-B2DF-6B16A3546A90}.Debug|x86.Build.0 = Debug|Win32
		{BC723E7E-F279-4EE2-B2DF-6B16A3546A90}.Release|x64.ActiveCfg = Release|x64
		{BC723E7E-F279-4EE2-B2DF-6B16A3546A90}.Release|x64.Build.0 = Release|x64
		{BC723E7E-F279-4EE2-B2DF-6B16A3546A90}.Release|x86.ActiveCfg = Release|Win32
		{BC723E7E-F279-4EE2-B2DF-6B16A3546A90}.Release|x86.Build.0 = Release|Win32
		{F1535142-E031-40D3-BD23-041F7551B305}.Debug|x64.ActiveCfg = Debug|x64
		{F1535142-E031-40D3-BD23-041F7551B305}.Debug|x64.Build.0 = Debug|x64
		{F1535142-E031-40D3-BD23-041F7551B305}.Debug|x86.ActiveCfg = Debug|Win32
		{F1535142-E031-40D3-BD23-041F7551B305}.Debug|x86.Build.0 = Debug|Win32
		{F1535142-E031-40D3-BD23-041F7551B305}.Release|x64.ActiveCfg = Release|x64
		{F1535142-E031-40D3-BD23-041F7551B305}.Release|x64.Build.0 = Release|x64
		{F1535142-E031-40D3-BD23-041F7551B305}.Release|x86.ActiveCfg = Release|Win32
		{F1535142-E031-40D3-BD23-041F7551B305}.Release|x86.Build.0 = Release|Win32
		{73F726C9-FE3F-4B9F-93EF-3A5D079D14E3}.Debug|x64.ActiveCfg = Debug|x64
		{73F726C9-FE3F-4B9F-93EF-3A5D079D14E3}.Debug|x64.Build.0 = Debug|x64
		{73F726C9-FE3F-4B9F-93EF-3A5D079D14E3}.Debug|x86.ActiveCfg = Debug|Win32
		{73F726C9-FE3F-4B9F-93EF-3A5D079D14E3}.Debug|x86.Build.0 = Debug|Win32
		{73F726C9-FE3F-4B9F-93EF-3A5D079D14E3}.Release|x64.ActiveCfg = Release|x64
		{73F726C9-FE3F-4B9F-93EF-3A5D079D14E3}.Release|x64.Build.0 = Release|x64
		{73F726C9-FE3F-4B9F-93EF-3A5D079D14E3}.Release|x86.ActiveCfg = Release|Win32
		{73F726C9-FE3F-4B9F-93EF-3A5D079D14E3}.Release|x86.Build.0 = Release|Win32
		{0547CB16-A9DB-4262-9242-72FF2271756F}.Debug|x64.ActiveCfg = Debug|x64
		{0547CB16-A9DB-4262-9242-72FF2271756F}.Debug|x64.Build.0 = Debug|x64
		{0547CB16-A9DB-4262-9242-72FF2271756F}.Debug|x86.ActiveCfg = Debug|Win32
		{0547CB16-A9DB-4262-9242-72FF2271756F}.Debug|x86.Build.0 = Debug|Win32
		{0547CB16-A9DB-4262-9242-72FF2271756F}.Release|x64.ActiveCfg = Release|x64
		{0547CB16-A9DB-4262-9242-72FF2271756F}.Release|x64.Build.0 = Release|x64
		{0547CB16-A9DB-4262-9242-72FF2271756F}.Release|x86.ActiveCfg = Release|Win32
		{0547CB16-A9DB-4262-9242-72FF2271756F}.Release|x86.Build.0 = Release|Win32
		{DDE5BFB6-53F1-4157-90B0-087E89509816}.Debug|x64.ActiveCfg = Debug|x64
		{DDE5BFB6-53F1-4157-90B0-087E89509816}.Debug|x64.Build.0 = Debug|x64
		{DDE5BFB6-53F1-4157-90B0-087E89509816}.Debug|x86.ActiveCfg = Debug|Win32
		{DDE5BFB6-53F1-4157-90B0-087E89509816}.Debug|x86.Build.0 = Debug|Win32
		{DDE5BFB6-53F1-4157-90B0-087E89509816}.Release|x64.ActiveCfg = Release|x64
		{DDE5BFB6-53F1-4157-90B0-087E89509816}.Release|x64.Build.0 = Release|x64
		{DDE5BFB6-53F1-4157-90B0-087E89509816}.Release|x86.ActiveCfg = Release|Win32
		{DDE5BFB6-53F1-4157-90B0-087E89509816}.Release|x86.Build.0 = Release|Win32
		{0FFFD4D4-D39F-4206-A874-72AB88CEB05F}.Debug|x64.ActiveCfg = Debug|x64
		{0FFFD4D4-D39F-4206-A874-72AB88CEB05F}.Debug|x64.Build.0 = Debug|x64
		{0FFFD4D4-D39F-4206-A874-72AB88CEB05F}.Debug|x86.ActiveCfg = Debug|Win32
		{0FFFD4D4-D39F-4206-A874-72AB88CEB05F}.Debug|x86.Build.0 = Debug|Win32
		{0FFFD4D4-D39F-4206-A874-72AB88CEB05F}.Release|x64.ActiveCfg = Release|x64
		{0FFFD4D4-D39F-4206-A874-72AB88CEB05F}.Release|x64.Build.0 = Release|x64
		{0FFFD4D4-D39F-4206-A874-72AB88CEB05F}.Release|x86.ActiveCfg = Release|Win32
		{0FFFD4D4-D39F-4206-A874-72AB88CEB05F}.Release|x86.Build.0 = Release|Win32
		{E13DA315-E01E-4DD7-BC78-42D6914B3711}.Debug|x64.ActiveCfg = Debug|x64
		{E13DA315-E01E-4DD7-BC78-42D6914B3711}.Debug|x64.Build.0 = Debug|x64
		{E13DA315-E01E-4DD7-BC78-42D6914B3711}.Debug|x86.ActiveCfg = Debug|Win32
		{E13DA315-E01E-4DD7-BC78-42D6914B3711}.Debug|x86.Build.0 = Debug|Win32
		{E13DA315-E01E-4DD7-BC78-42D6914B3711}.Release|x64.ActiveCfg = Release|x64
		{E13DA315-E01E-4DD7-BC78-42D6914B3711}.Release|x64.Build.0 = Release|x64
		{E13DA315-E01E-4DD7-BC78-42D6914B3711}.Release|x86.ActiveCfg = Release|Win32
		{E13DA315-E01E-4DD7-BC78-42D6914B3711}.Release|x86.Build.0 = Release|Win32
		{B7E28727-DB31-4D38-A3B0-617487C12895}.Debug|x64.ActiveCfg = Debug|x64
		{B7E28727-DB31-4D38-A3B0-617487C12895}.Debug|x64.Build.0 = Debug|x64
		{B7E28727-DB31-4D38-A3B0-617487C12895}.Debug|x86.ActiveCfg = Debug|Win32
		{B7E28727-DB31-4D38-A3B0-617487C12895}.Debug|x86.Build.0 = Debug|Win32
		{B7E28727-DB31-4D38-A3B0-617487C12895}.Release|x64.ActiveCfg = Release|x64
		{B7E28727-DB31-4D38-A3B0-617487C12895}.Release|x64.Build.0 = Release|x64
		{B7E28727-DB31-4D38-A3B0-617487C12895}.Release|x86.ActiveCfg = Release|Win32
		{B7E28727-DB31-4D38-A3B0-617487C12895}.Release|x86.Build.0 = Release|Win32
	EndGlobalSection
	GlobalSection(SolutionProperties) = preSolution
		HideSolutionNode = FALSE
	EndGlobalSection
	GlobalSection(ExtensibilityGlobals) = postSolution
		SolutionGuid = {BAE0AFDB-44FF-497A-86A1-1AC873CAE03F}
	EndGlobalSection
EndGlobal
